
Microsoft Visual Studio Solution File, Format Version 12.00
# Visual Studio Version 17
VisualStudioVersion = 17.0.31903.59
MinimumVisualStudioVersion = 10.0.40219.1
Project("{9A19103F-16F7-4668-BE54-9A1E7A4F7556}") = "Common.Diagnostics", "Common.Diagnostics\Common.Diagnostics.csproj", "{5E56A4C7-6A7E-42E7-AEA8-5FE522C735B0}"
EndProject
Project("{9A19103F-16F7-4668-BE54-9A1E7A4F7556}") = "Common.Diagnostics.Core", "Common.Diagnostics.Core\Common.Diagnostics.Core.csproj", "{2BD90373-4C2B-4833-A76C-D8984C8229B4}"
EndProject
Project("{9A19103F-16F7-4668-BE54-9A1E7A4F7556}") = "Common.Diagnostics.Full", "Common.Diagnostics.Full\Common.Diagnostics.Full.csproj", "{3CB05890-DC23-42B4-93BC-341BAEDD9323}"
EndProject
Project("{9A19103F-16F7-4668-BE54-9A1E7A4F7556}") = "Common.Diagnostics.Win", "Common.Diagnostics.Win\Common.Diagnostics.Win.csproj", "{5F18ACF7-4384-4584-B42E-EC5A37F89D45}"
EndProject
Project("{9A19103F-16F7-4668-BE54-9A1E7A4F7556}") = "Common.Diagnostics.Serilog", "Common.Diagnostics.Serilog\Common.Diagnostics.Serilog.csproj", "{DE5FEF1A-52E1-4430-B12E-563FDF558FDC}"
EndProject
Project("{9A19103F-16F7-4668-BE54-9A1E7A4F7556}") = "Common.Diagnostics.Log4net", "Common.Diagnostics.Log4net\Common.Diagnostics.Log4net.csproj", "{7F27C78D-A7F8-46AB-89D6-42AA58D80C12}"
EndProject
Project("{2150E333-8FDC-42A3-9474-1A3956D46DE8}") = "Listeners", "Listeners", "{8570159F-CCAC-43C7-A924-09472652B6F1}"
EndProject
Project("{2150E333-8FDC-42A3-9474-1A3956D46DE8}") = "Samples", "Samples", "{1FA109F8-AA77-472D-AEEA-DDE1EBD5F84E}"
EndProject
Project("{9A19103F-16F7-4668-BE54-9A1E7A4F7556}") = "EasySample", "Samples\01. wpf\EasySample\EasySample.csproj", "{84D15A4D-15C6-4929-9E6B-F9D6D8799599}"
EndProject
Project("{2150E333-8FDC-42A3-9474-1A3956D46DE8}") = "Common", "Common", "{E67DBCDE-D001-4264-A0E9-BFCD34D2169D}"
EndProject
Project("{9A19103F-16F7-4668-BE54-9A1E7A4F7556}") = "Common.Diagnostics.AppInsights", "Common.Diagnostics.AppInsights\Common.Diagnostics.AppInsights.csproj", "{01DE7F71-3764-4FAF-8B94-C366F7E708EB}"
EndProject
Project("{2150E333-8FDC-42A3-9474-1A3956D46DE8}") = "Tests", "Tests", "{918F6ECA-9663-4A56-BD86-F1786B173A39}"
EndProject
Project("{9A19103F-16F7-4668-BE54-9A1E7A4F7556}") = "EasyTest", "Tests\EasyTest\EasyTest.csproj", "{4C97398A-DEF8-4EBF-BB64-63C6D5BBA673}"
EndProject
Project("{9A19103F-16F7-4668-BE54-9A1E7A4F7556}") = "EasySample462", "Samples\01. wpf\EasySample462\EasySample462.csproj", "{0569B5B9-7118-43C3-ACAC-CDBBC7C9A4B0}"
EndProject
Project("{FAE04EC0-301F-11D3-BF4B-00C04F79EFBC}") = "EasySampleAspNet462", "Samples\02. aspnet\EasySampleAspNet462\EasySampleAspNet462.csproj", "{AAF3E849-6604-4864-BA81-D59A47C96D59}"
EndProject
Project("{9A19103F-16F7-4668-BE54-9A1E7A4F7556}") = "EasySampleCore", "Samples\01. wpf\EasySampleCore\EasySampleCore.csproj", "{62CA9132-0A53-4537-9DC7-933944A28E3F}"
EndProject
Project("{9A19103F-16F7-4668-BE54-9A1E7A4F7556}") = "EasySample500", "Samples\01. wpf\EasySample500\EasySample500.csproj", "{430812C1-1387-49CB-B7CA-A3E9D7EA3A14}"
EndProject
Project("{9A19103F-16F7-4668-BE54-9A1E7A4F7556}") = "EasySampleAspNetCore31", "Samples\02. aspnet\EasySampleAspNetCore31\EasySampleAspNetCore31.csproj", "{B6200010-469A-490D-9AA5-1C84F1150B98}"
EndProject
Project("{FAE04EC0-301F-11D3-BF4B-00C04F79EFBC}") = "EasySampleService", "Samples\05. service\EasySampleService\EasySampleService.csproj", "{A0E11BBA-CFE9-4019-B8A2-9AE538A281CA}"
EndProject
Project("{9A19103F-16F7-4668-BE54-9A1E7A4F7556}") = "EasySampleBlazorApp.Server", "Samples\02. aspnet\EasySampleBlazorApp\Server\EasySampleBlazorApp.Server.csproj", "{72169F70-C7A1-45BD-AAAF-EE20A40582AC}"
EndProject
Project("{9A19103F-16F7-4668-BE54-9A1E7A4F7556}") = "EasySampleBlazorApp.Client", "Samples\02. aspnet\EasySampleBlazorApp\Client\EasySampleBlazorApp.Client.csproj", "{9FFBBEAB-B8BF-4B0A-B414-6B8214E52D7B}"
EndProject
Project("{9A19103F-16F7-4668-BE54-9A1E7A4F7556}") = "EasySampleBlazorApp.Shared", "Samples\02. aspnet\EasySampleBlazorApp\Shared\EasySampleBlazorApp.Shared.csproj", "{05458AC1-765D-41C2-BC77-A90FDA1402C1}"
EndProject
Project("{2150E333-8FDC-42A3-9474-1A3956D46DE8}") = "01. Wpf", "01. Wpf", "{55BE6823-B9DC-4B2F-AEB8-8429E35024CF}"
EndProject
Project("{2150E333-8FDC-42A3-9474-1A3956D46DE8}") = "02. aspnet", "02. aspnet", "{7E36165D-568F-4B69-83CE-9EA872AE0C9A}"
EndProject
Project("{2150E333-8FDC-42A3-9474-1A3956D46DE8}") = "05. service", "05. service", "{D6F153D5-6FAD-4E49-87CB-B422AABC263B}"
EndProject
Project("{2150E333-8FDC-42A3-9474-1A3956D46DE8}") = "Samplesv2", "Samplesv2", "{84E2069D-C129-4FFC-8CC4-FFAEE395BC2A}"
EndProject
Project("{2150E333-8FDC-42A3-9474-1A3956D46DE8}") = "01. Wpf", "01. Wpf", "{172F1450-3593-484F-9A4F-303C58367589}"
EndProject
Project("{9A19103F-16F7-4668-BE54-9A1E7A4F7556}") = "EasySample500v2", "Samplesv2\01. wpf\EasySample500v2\EasySample500v2.csproj", "{037AFC1A-A3E2-40C8-8C3C-C85F56FD7D84}"
EndProject
Project("{2150E333-8FDC-42A3-9474-1A3956D46DE8}") = "03. Aspnet Blazor", "03. Aspnet Blazor", "{7CFE9FA0-1247-444C-B54F-46FB73C0B3FD}"
EndProject
Project("{2150E333-8FDC-42A3-9474-1A3956D46DE8}") = "02. Aspnet", "02. Aspnet", "{32D7973C-2C85-4A77-ABDF-92DD594C7FED}"
EndProject
Project("{9A19103F-16F7-4668-BE54-9A1E7A4F7556}") = "EasySampleBlazorv2.Server", "Samplesv2\03. Aspnet Blazor\EasySampleBlazorv2\Server\EasySampleBlazorv2.Server.csproj", "{78EDD36A-7315-4104-B726-4CAB1C1F92B4}"
EndProject
Project("{9A19103F-16F7-4668-BE54-9A1E7A4F7556}") = "EasySampleBlazorv2.Client", "Samplesv2\03. Aspnet Blazor\EasySampleBlazorv2\Client\EasySampleBlazorv2.Client.csproj", "{679A6DBD-C6A2-48D6-BDF7-3EB59EC7C1FA}"
EndProject
Project("{9A19103F-16F7-4668-BE54-9A1E7A4F7556}") = "EasySampleBlazorv2.Shared", "Samplesv2\03. Aspnet Blazor\EasySampleBlazorv2\Shared\EasySampleBlazorv2.Shared.csproj", "{CDAE5BD2-FC24-4144-B7A2-53A436B14363}"
EndProject
Project("{9A19103F-16F7-4668-BE54-9A1E7A4F7556}") = "EasySampleBlazorAppv2", "Samplesv2\03. Aspnet Blazor\EasySampleBlazorAppv2\EasySampleBlazorAppv2.csproj", "{F8AA12B7-4A75-48F6-AA5F-678D7C978A9F}"
EndProject
Project("{9A19103F-16F7-4668-BE54-9A1E7A4F7556}") = "EasySampleBlazorAppv2.Deploy", "Samplesv2\03. Aspnet Blazor\EasySampleBlazorAppv2.Deploy\EasySampleBlazorAppv2.Deploy.csproj", "{3BF26C37-93F9-45D6-AB5B-EF90152EF8DF}"
EndProject
Project("{9A19103F-16F7-4668-BE54-9A1E7A4F7556}") = "EasySampleBlazorLib", "Samplesv2\03. Aspnet Blazor\EasySampleBlazorLib\EasySampleBlazorLib.csproj", "{3A3C8CFC-7E03-481B-A061-6B3204397422}"
EndProject
Project("{9A19103F-16F7-4668-BE54-9A1E7A4F7556}") = "WebApplication1.Server", "Samplesv2\02. Aspnet\WebApplication1\Server\WebApplication1.Server.csproj", "{21B7C4AE-FBBB-4B21-90A5-4492B1077C43}"
EndProject
Project("{9A19103F-16F7-4668-BE54-9A1E7A4F7556}") = "WebApplication1.Client", "Samplesv2\02. Aspnet\WebApplication1\Client\WebApplication1.Client.csproj", "{57C3088E-6E55-4F62-9659-C5090AD79F30}"
EndProject
Project("{9A19103F-16F7-4668-BE54-9A1E7A4F7556}") = "WebApplication1.Shared", "Samplesv2\02. Aspnet\WebApplication1\Shared\WebApplication1.Shared.csproj", "{A6A3B1AA-406A-4C65-A8E0-5B9DC8A0A81A}"
EndProject
Project("{2150E333-8FDC-42A3-9474-1A3956D46DE8}") = "Solution Items", "Solution Items", "{0E084CA0-E8DE-49F1-826D-1E51C8399EB2}"
	ProjectSection(SolutionItems) = preProject
		.filenesting.json = .filenesting.json
	EndProjectSection
EndProject
Project("{2150E333-8FDC-42A3-9474-1A3956D46DE8}") = "_ext", "_ext", "{1DBBED92-BD24-4C18-B63F-E699E95FB2AA}"
EndProject
Project("{9A19103F-16F7-4668-BE54-9A1E7A4F7556}") = "EasySample600v2", "Samplesv2\01. Wpf\EasySample600v2\EasySample600v2.csproj", "{F13DD8B1-69FD-4372-966D-F6C5BC4148BA}"
EndProject
Project("{2150E333-8FDC-42A3-9474-1A3956D46DE8}") = "Logstring", "Logstring", "{9C92F38F-7DB3-48B9-BAE0-73BDB8399F4E}"
EndProject
Project("{9A19103F-16F7-4668-BE54-9A1E7A4F7556}") = "Common.Diagnostics.Logstrings.Azure", "Common.Diagnostics.Logstrings.Azure\Common.Diagnostics.Logstrings.Azure.csproj", "{AF5F190E-B49D-4D72-B6D1-753A0C2EDD5C}"
EndProject
Project("{9A19103F-16F7-4668-BE54-9A1E7A4F7556}") = "Common.Diagnostics.Logstrings.Wpf", "Common.Diagnostics.Logstrings.Wpf\Common.Diagnostics.Logstrings.Wpf.csproj", "{D8660063-A69B-4941-83E2-EAF69C166752}"
EndProject
Project("{9A19103F-16F7-4668-BE54-9A1E7A4F7556}") = "Common.Diagnostics.Logstrings.Identity", "Common.Diagnostics.Logstrings.Identity\Common.Diagnostics.Logstrings.Identity.csproj", "{2E0D6C69-3DC6-4202-9006-B24E31B47DB1}"
EndProject
Project("{2150E333-8FDC-42A3-9474-1A3956D46DE8}") = "Tools", "Tools", "{95B68FFB-F70F-45A3-8145-BB327588D1B9}"
EndProject
Project("{FAE04EC0-301F-11D3-BF4B-00C04F79EFBC}") = "GenerateLogstring", "tools\GenerateLogstring\GenerateLogstring.csproj", "{25298D30-90C7-4084-AC2E-CC03F05D2B59}"
EndProject
Global
	GlobalSection(SolutionConfigurationPlatforms) = preSolution
		Debug|Any CPU = Debug|Any CPU
		Release|Any CPU = Release|Any CPU
	EndGlobalSection
	GlobalSection(ProjectConfigurationPlatforms) = postSolution
		{5E56A4C7-6A7E-42E7-AEA8-5FE522C735B0}.Debug|Any CPU.ActiveCfg = Debug|Any CPU
		{5E56A4C7-6A7E-42E7-AEA8-5FE522C735B0}.Debug|Any CPU.Build.0 = Debug|Any CPU
		{5E56A4C7-6A7E-42E7-AEA8-5FE522C735B0}.Release|Any CPU.ActiveCfg = Release|Any CPU
		{5E56A4C7-6A7E-42E7-AEA8-5FE522C735B0}.Release|Any CPU.Build.0 = Release|Any CPU
		{2BD90373-4C2B-4833-A76C-D8984C8229B4}.Debug|Any CPU.ActiveCfg = Debug|Any CPU
		{2BD90373-4C2B-4833-A76C-D8984C8229B4}.Debug|Any CPU.Build.0 = Debug|Any CPU
		{2BD90373-4C2B-4833-A76C-D8984C8229B4}.Release|Any CPU.ActiveCfg = Release|Any CPU
		{2BD90373-4C2B-4833-A76C-D8984C8229B4}.Release|Any CPU.Build.0 = Release|Any CPU
		{3CB05890-DC23-42B4-93BC-341BAEDD9323}.Debug|Any CPU.ActiveCfg = Debug|Any CPU
		{3CB05890-DC23-42B4-93BC-341BAEDD9323}.Debug|Any CPU.Build.0 = Debug|Any CPU
		{3CB05890-DC23-42B4-93BC-341BAEDD9323}.Release|Any CPU.ActiveCfg = Release|Any CPU
		{3CB05890-DC23-42B4-93BC-341BAEDD9323}.Release|Any CPU.Build.0 = Release|Any CPU
		{5F18ACF7-4384-4584-B42E-EC5A37F89D45}.Debug|Any CPU.ActiveCfg = Debug|Any CPU
		{5F18ACF7-4384-4584-B42E-EC5A37F89D45}.Debug|Any CPU.Build.0 = Debug|Any CPU
		{5F18ACF7-4384-4584-B42E-EC5A37F89D45}.Release|Any CPU.ActiveCfg = Release|Any CPU
		{5F18ACF7-4384-4584-B42E-EC5A37F89D45}.Release|Any CPU.Build.0 = Release|Any CPU
		{DE5FEF1A-52E1-4430-B12E-563FDF558FDC}.Debug|Any CPU.ActiveCfg = Debug|Any CPU
		{DE5FEF1A-52E1-4430-B12E-563FDF558FDC}.Debug|Any CPU.Build.0 = Debug|Any CPU
		{DE5FEF1A-52E1-4430-B12E-563FDF558FDC}.Release|Any CPU.ActiveCfg = Release|Any CPU
		{DE5FEF1A-52E1-4430-B12E-563FDF558FDC}.Release|Any CPU.Build.0 = Release|Any CPU
		{7F27C78D-A7F8-46AB-89D6-42AA58D80C12}.Debug|Any CPU.ActiveCfg = Debug|Any CPU
		{7F27C78D-A7F8-46AB-89D6-42AA58D80C12}.Debug|Any CPU.Build.0 = Debug|Any CPU
		{7F27C78D-A7F8-46AB-89D6-42AA58D80C12}.Release|Any CPU.ActiveCfg = Release|Any CPU
		{7F27C78D-A7F8-46AB-89D6-42AA58D80C12}.Release|Any CPU.Build.0 = Release|Any CPU
		{84D15A4D-15C6-4929-9E6B-F9D6D8799599}.Debug|Any CPU.ActiveCfg = Debug|Any CPU
		{84D15A4D-15C6-4929-9E6B-F9D6D8799599}.Debug|Any CPU.Build.0 = Debug|Any CPU
		{84D15A4D-15C6-4929-9E6B-F9D6D8799599}.Release|Any CPU.ActiveCfg = Release|Any CPU
		{84D15A4D-15C6-4929-9E6B-F9D6D8799599}.Release|Any CPU.Build.0 = Release|Any CPU
		{01DE7F71-3764-4FAF-8B94-C366F7E708EB}.Debug|Any CPU.ActiveCfg = Debug|Any CPU
		{01DE7F71-3764-4FAF-8B94-C366F7E708EB}.Debug|Any CPU.Build.0 = Debug|Any CPU
		{01DE7F71-3764-4FAF-8B94-C366F7E708EB}.Release|Any CPU.ActiveCfg = Release|Any CPU
		{01DE7F71-3764-4FAF-8B94-C366F7E708EB}.Release|Any CPU.Build.0 = Release|Any CPU
		{4C97398A-DEF8-4EBF-BB64-63C6D5BBA673}.Debug|Any CPU.ActiveCfg = Debug|Any CPU
		{4C97398A-DEF8-4EBF-BB64-63C6D5BBA673}.Debug|Any CPU.Build.0 = Debug|Any CPU
		{4C97398A-DEF8-4EBF-BB64-63C6D5BBA673}.Release|Any CPU.ActiveCfg = Release|Any CPU
		{4C97398A-DEF8-4EBF-BB64-63C6D5BBA673}.Release|Any CPU.Build.0 = Release|Any CPU
		{0569B5B9-7118-43C3-ACAC-CDBBC7C9A4B0}.Debug|Any CPU.ActiveCfg = Debug|Any CPU
		{0569B5B9-7118-43C3-ACAC-CDBBC7C9A4B0}.Debug|Any CPU.Build.0 = Debug|Any CPU
		{0569B5B9-7118-43C3-ACAC-CDBBC7C9A4B0}.Release|Any CPU.ActiveCfg = Release|Any CPU
		{0569B5B9-7118-43C3-ACAC-CDBBC7C9A4B0}.Release|Any CPU.Build.0 = Release|Any CPU
		{AAF3E849-6604-4864-BA81-D59A47C96D59}.Debug|Any CPU.ActiveCfg = Debug|Any CPU
		{AAF3E849-6604-4864-BA81-D59A47C96D59}.Debug|Any CPU.Build.0 = Debug|Any CPU
		{AAF3E849-6604-4864-BA81-D59A47C96D59}.Release|Any CPU.ActiveCfg = Release|Any CPU
		{AAF3E849-6604-4864-BA81-D59A47C96D59}.Release|Any CPU.Build.0 = Release|Any CPU
		{62CA9132-0A53-4537-9DC7-933944A28E3F}.Debug|Any CPU.ActiveCfg = Debug|Any CPU
		{62CA9132-0A53-4537-9DC7-933944A28E3F}.Debug|Any CPU.Build.0 = Debug|Any CPU
		{62CA9132-0A53-4537-9DC7-933944A28E3F}.Release|Any CPU.ActiveCfg = Release|Any CPU
		{62CA9132-0A53-4537-9DC7-933944A28E3F}.Release|Any CPU.Build.0 = Release|Any CPU
		{430812C1-1387-49CB-B7CA-A3E9D7EA3A14}.Debug|Any CPU.ActiveCfg = Debug|Any CPU
		{430812C1-1387-49CB-B7CA-A3E9D7EA3A14}.Debug|Any CPU.Build.0 = Debug|Any CPU
		{430812C1-1387-49CB-B7CA-A3E9D7EA3A14}.Release|Any CPU.ActiveCfg = Release|Any CPU
		{430812C1-1387-49CB-B7CA-A3E9D7EA3A14}.Release|Any CPU.Build.0 = Release|Any CPU
		{B6200010-469A-490D-9AA5-1C84F1150B98}.Debug|Any CPU.ActiveCfg = Debug|Any CPU
		{B6200010-469A-490D-9AA5-1C84F1150B98}.Debug|Any CPU.Build.0 = Debug|Any CPU
		{B6200010-469A-490D-9AA5-1C84F1150B98}.Release|Any CPU.ActiveCfg = Release|Any CPU
		{B6200010-469A-490D-9AA5-1C84F1150B98}.Release|Any CPU.Build.0 = Release|Any CPU
		{A0E11BBA-CFE9-4019-B8A2-9AE538A281CA}.Debug|Any CPU.ActiveCfg = Debug|Any CPU
		{A0E11BBA-CFE9-4019-B8A2-9AE538A281CA}.Debug|Any CPU.Build.0 = Debug|Any CPU
		{A0E11BBA-CFE9-4019-B8A2-9AE538A281CA}.Release|Any CPU.ActiveCfg = Release|Any CPU
		{A0E11BBA-CFE9-4019-B8A2-9AE538A281CA}.Release|Any CPU.Build.0 = Release|Any CPU
		{72169F70-C7A1-45BD-AAAF-EE20A40582AC}.Debug|Any CPU.ActiveCfg = Debug|Any CPU
		{72169F70-C7A1-45BD-AAAF-EE20A40582AC}.Debug|Any CPU.Build.0 = Debug|Any CPU
		{72169F70-C7A1-45BD-AAAF-EE20A40582AC}.Release|Any CPU.ActiveCfg = Release|Any CPU
		{72169F70-C7A1-45BD-AAAF-EE20A40582AC}.Release|Any CPU.Build.0 = Release|Any CPU
		{9FFBBEAB-B8BF-4B0A-B414-6B8214E52D7B}.Debug|Any CPU.ActiveCfg = Debug|Any CPU
		{9FFBBEAB-B8BF-4B0A-B414-6B8214E52D7B}.Debug|Any CPU.Build.0 = Debug|Any CPU
		{9FFBBEAB-B8BF-4B0A-B414-6B8214E52D7B}.Release|Any CPU.ActiveCfg = Release|Any CPU
		{9FFBBEAB-B8BF-4B0A-B414-6B8214E52D7B}.Release|Any CPU.Build.0 = Release|Any CPU
		{05458AC1-765D-41C2-BC77-A90FDA1402C1}.Debug|Any CPU.ActiveCfg = Debug|Any CPU
		{05458AC1-765D-41C2-BC77-A90FDA1402C1}.Debug|Any CPU.Build.0 = Debug|Any CPU
		{05458AC1-765D-41C2-BC77-A90FDA1402C1}.Release|Any CPU.ActiveCfg = Release|Any CPU
		{05458AC1-765D-41C2-BC77-A90FDA1402C1}.Release|Any CPU.Build.0 = Release|Any CPU
		{037AFC1A-A3E2-40C8-8C3C-C85F56FD7D84}.Debug|Any CPU.ActiveCfg = Debug|Any CPU
		{037AFC1A-A3E2-40C8-8C3C-C85F56FD7D84}.Debug|Any CPU.Build.0 = Debug|Any CPU
		{037AFC1A-A3E2-40C8-8C3C-C85F56FD7D84}.Release|Any CPU.ActiveCfg = Release|Any CPU
		{037AFC1A-A3E2-40C8-8C3C-C85F56FD7D84}.Release|Any CPU.Build.0 = Release|Any CPU
		{78EDD36A-7315-4104-B726-4CAB1C1F92B4}.Debug|Any CPU.ActiveCfg = Debug|Any CPU
		{78EDD36A-7315-4104-B726-4CAB1C1F92B4}.Debug|Any CPU.Build.0 = Debug|Any CPU
		{78EDD36A-7315-4104-B726-4CAB1C1F92B4}.Release|Any CPU.ActiveCfg = Release|Any CPU
		{78EDD36A-7315-4104-B726-4CAB1C1F92B4}.Release|Any CPU.Build.0 = Release|Any CPU
		{679A6DBD-C6A2-48D6-BDF7-3EB59EC7C1FA}.Debug|Any CPU.ActiveCfg = Debug|Any CPU
		{679A6DBD-C6A2-48D6-BDF7-3EB59EC7C1FA}.Debug|Any CPU.Build.0 = Debug|Any CPU
		{679A6DBD-C6A2-48D6-BDF7-3EB59EC7C1FA}.Release|Any CPU.ActiveCfg = Release|Any CPU
		{679A6DBD-C6A2-48D6-BDF7-3EB59EC7C1FA}.Release|Any CPU.Build.0 = Release|Any CPU
		{CDAE5BD2-FC24-4144-B7A2-53A436B14363}.Debug|Any CPU.ActiveCfg = Debug|Any CPU
		{CDAE5BD2-FC24-4144-B7A2-53A436B14363}.Debug|Any CPU.Build.0 = Debug|Any CPU
		{CDAE5BD2-FC24-4144-B7A2-53A436B14363}.Release|Any CPU.ActiveCfg = Release|Any CPU
		{CDAE5BD2-FC24-4144-B7A2-53A436B14363}.Release|Any CPU.Build.0 = Release|Any CPU
		{F8AA12B7-4A75-48F6-AA5F-678D7C978A9F}.Debug|Any CPU.ActiveCfg = Debug|Any CPU
		{F8AA12B7-4A75-48F6-AA5F-678D7C978A9F}.Debug|Any CPU.Build.0 = Debug|Any CPU
		{F8AA12B7-4A75-48F6-AA5F-678D7C978A9F}.Release|Any CPU.ActiveCfg = Release|Any CPU
		{F8AA12B7-4A75-48F6-AA5F-678D7C978A9F}.Release|Any CPU.Build.0 = Release|Any CPU
		{3BF26C37-93F9-45D6-AB5B-EF90152EF8DF}.Debug|Any CPU.ActiveCfg = Debug|Any CPU
		{3BF26C37-93F9-45D6-AB5B-EF90152EF8DF}.Debug|Any CPU.Build.0 = Debug|Any CPU
		{3BF26C37-93F9-45D6-AB5B-EF90152EF8DF}.Release|Any CPU.ActiveCfg = Release|Any CPU
		{3BF26C37-93F9-45D6-AB5B-EF90152EF8DF}.Release|Any CPU.Build.0 = Release|Any CPU
		{3A3C8CFC-7E03-481B-A061-6B3204397422}.Debug|Any CPU.ActiveCfg = Debug|Any CPU
		{3A3C8CFC-7E03-481B-A061-6B3204397422}.Debug|Any CPU.Build.0 = Debug|Any CPU
		{3A3C8CFC-7E03-481B-A061-6B3204397422}.Release|Any CPU.ActiveCfg = Release|Any CPU
		{3A3C8CFC-7E03-481B-A061-6B3204397422}.Release|Any CPU.Build.0 = Release|Any CPU
		{21B7C4AE-FBBB-4B21-90A5-4492B1077C43}.Debug|Any CPU.ActiveCfg = Debug|Any CPU
		{21B7C4AE-FBBB-4B21-90A5-4492B1077C43}.Debug|Any CPU.Build.0 = Debug|Any CPU
		{21B7C4AE-FBBB-4B21-90A5-4492B1077C43}.Release|Any CPU.ActiveCfg = Release|Any CPU
		{21B7C4AE-FBBB-4B21-90A5-4492B1077C43}.Release|Any CPU.Build.0 = Release|Any CPU
		{57C3088E-6E55-4F62-9659-C5090AD79F30}.Debug|Any CPU.ActiveCfg = Debug|Any CPU
		{57C3088E-6E55-4F62-9659-C5090AD79F30}.Debug|Any CPU.Build.0 = Debug|Any CPU
		{57C3088E-6E55-4F62-9659-C5090AD79F30}.Release|Any CPU.ActiveCfg = Release|Any CPU
		{57C3088E-6E55-4F62-9659-C5090AD79F30}.Release|Any CPU.Build.0 = Release|Any CPU
		{A6A3B1AA-406A-4C65-A8E0-5B9DC8A0A81A}.Debug|Any CPU.ActiveCfg = Debug|Any CPU
		{A6A3B1AA-406A-4C65-A8E0-5B9DC8A0A81A}.Debug|Any CPU.Build.0 = Debug|Any CPU
		{A6A3B1AA-406A-4C65-A8E0-5B9DC8A0A81A}.Release|Any CPU.ActiveCfg = Release|Any CPU
		{A6A3B1AA-406A-4C65-A8E0-5B9DC8A0A81A}.Release|Any CPU.Build.0 = Release|Any CPU
		{F13DD8B1-69FD-4372-966D-F6C5BC4148BA}.Debug|Any CPU.ActiveCfg = Debug|Any CPU
		{F13DD8B1-69FD-4372-966D-F6C5BC4148BA}.Debug|Any CPU.Build.0 = Debug|Any CPU
		{F13DD8B1-69FD-4372-966D-F6C5BC4148BA}.Release|Any CPU.ActiveCfg = Release|Any CPU
		{F13DD8B1-69FD-4372-966D-F6C5BC4148BA}.Release|Any CPU.Build.0 = Release|Any CPU
		{AF5F190E-B49D-4D72-B6D1-753A0C2EDD5C}.Debug|Any CPU.ActiveCfg = Debug|Any CPU
		{AF5F190E-B49D-4D72-B6D1-753A0C2EDD5C}.Debug|Any CPU.Build.0 = Debug|Any CPU
		{AF5F190E-B49D-4D72-B6D1-753A0C2EDD5C}.Release|Any CPU.ActiveCfg = Release|Any CPU
		{AF5F190E-B49D-4D72-B6D1-753A0C2EDD5C}.Release|Any CPU.Build.0 = Release|Any CPU
		{D8660063-A69B-4941-83E2-EAF69C166752}.Debug|Any CPU.ActiveCfg = Debug|Any CPU
		{D8660063-A69B-4941-83E2-EAF69C166752}.Debug|Any CPU.Build.0 = Debug|Any CPU
		{D8660063-A69B-4941-83E2-EAF69C166752}.Release|Any CPU.ActiveCfg = Release|Any CPU
		{D8660063-A69B-4941-83E2-EAF69C166752}.Release|Any CPU.Build.0 = Release|Any CPU
		{2E0D6C69-3DC6-4202-9006-B24E31B47DB1}.Debug|Any CPU.ActiveCfg = Debug|Any CPU
		{2E0D6C69-3DC6-4202-9006-B24E31B47DB1}.Debug|Any CPU.Build.0 = Debug|Any CPU
		{2E0D6C69-3DC6-4202-9006-B24E31B47DB1}.Release|Any CPU.ActiveCfg = Release|Any CPU
		{2E0D6C69-3DC6-4202-9006-B24E31B47DB1}.Release|Any CPU.Build.0 = Release|Any CPU
		{25298D30-90C7-4084-AC2E-CC03F05D2B59}.Debug|Any CPU.ActiveCfg = Debug|Any CPU
		{25298D30-90C7-4084-AC2E-CC03F05D2B59}.Debug|Any CPU.Build.0 = Debug|Any CPU
		{25298D30-90C7-4084-AC2E-CC03F05D2B59}.Release|Any CPU.ActiveCfg = Release|Any CPU
		{25298D30-90C7-4084-AC2E-CC03F05D2B59}.Release|Any CPU.Build.0 = Release|Any CPU
	EndGlobalSection
	GlobalSection(SolutionProperties) = preSolution
		HideSolutionNode = FALSE
	EndGlobalSection
	GlobalSection(NestedProjects) = preSolution
		{5E56A4C7-6A7E-42E7-AEA8-5FE522C735B0} = {E67DBCDE-D001-4264-A0E9-BFCD34D2169D}
		{2BD90373-4C2B-4833-A76C-D8984C8229B4} = {E67DBCDE-D001-4264-A0E9-BFCD34D2169D}
		{3CB05890-DC23-42B4-93BC-341BAEDD9323} = {E67DBCDE-D001-4264-A0E9-BFCD34D2169D}
		{5F18ACF7-4384-4584-B42E-EC5A37F89D45} = {8570159F-CCAC-43C7-A924-09472652B6F1}
		{DE5FEF1A-52E1-4430-B12E-563FDF558FDC} = {8570159F-CCAC-43C7-A924-09472652B6F1}
		{7F27C78D-A7F8-46AB-89D6-42AA58D80C12} = {8570159F-CCAC-43C7-A924-09472652B6F1}
		{84D15A4D-15C6-4929-9E6B-F9D6D8799599} = {55BE6823-B9DC-4B2F-AEB8-8429E35024CF}
		{01DE7F71-3764-4FAF-8B94-C366F7E708EB} = {8570159F-CCAC-43C7-A924-09472652B6F1}
		{4C97398A-DEF8-4EBF-BB64-63C6D5BBA673} = {918F6ECA-9663-4A56-BD86-F1786B173A39}
		{0569B5B9-7118-43C3-ACAC-CDBBC7C9A4B0} = {55BE6823-B9DC-4B2F-AEB8-8429E35024CF}
		{AAF3E849-6604-4864-BA81-D59A47C96D59} = {7E36165D-568F-4B69-83CE-9EA872AE0C9A}
		{62CA9132-0A53-4537-9DC7-933944A28E3F} = {55BE6823-B9DC-4B2F-AEB8-8429E35024CF}
		{430812C1-1387-49CB-B7CA-A3E9D7EA3A14} = {55BE6823-B9DC-4B2F-AEB8-8429E35024CF}
		{B6200010-469A-490D-9AA5-1C84F1150B98} = {7E36165D-568F-4B69-83CE-9EA872AE0C9A}
		{A0E11BBA-CFE9-4019-B8A2-9AE538A281CA} = {D6F153D5-6FAD-4E49-87CB-B422AABC263B}
		{72169F70-C7A1-45BD-AAAF-EE20A40582AC} = {7E36165D-568F-4B69-83CE-9EA872AE0C9A}
		{9FFBBEAB-B8BF-4B0A-B414-6B8214E52D7B} = {7E36165D-568F-4B69-83CE-9EA872AE0C9A}
		{05458AC1-765D-41C2-BC77-A90FDA1402C1} = {7E36165D-568F-4B69-83CE-9EA872AE0C9A}
		{55BE6823-B9DC-4B2F-AEB8-8429E35024CF} = {1FA109F8-AA77-472D-AEEA-DDE1EBD5F84E}
		{7E36165D-568F-4B69-83CE-9EA872AE0C9A} = {1FA109F8-AA77-472D-AEEA-DDE1EBD5F84E}
		{D6F153D5-6FAD-4E49-87CB-B422AABC263B} = {1FA109F8-AA77-472D-AEEA-DDE1EBD5F84E}
		{172F1450-3593-484F-9A4F-303C58367589} = {84E2069D-C129-4FFC-8CC4-FFAEE395BC2A}
		{037AFC1A-A3E2-40C8-8C3C-C85F56FD7D84} = {172F1450-3593-484F-9A4F-303C58367589}
		{7CFE9FA0-1247-444C-B54F-46FB73C0B3FD} = {84E2069D-C129-4FFC-8CC4-FFAEE395BC2A}
		{32D7973C-2C85-4A77-ABDF-92DD594C7FED} = {84E2069D-C129-4FFC-8CC4-FFAEE395BC2A}
		{78EDD36A-7315-4104-B726-4CAB1C1F92B4} = {7CFE9FA0-1247-444C-B54F-46FB73C0B3FD}
		{679A6DBD-C6A2-48D6-BDF7-3EB59EC7C1FA} = {7CFE9FA0-1247-444C-B54F-46FB73C0B3FD}
		{CDAE5BD2-FC24-4144-B7A2-53A436B14363} = {7CFE9FA0-1247-444C-B54F-46FB73C0B3FD}
		{F8AA12B7-4A75-48F6-AA5F-678D7C978A9F} = {7CFE9FA0-1247-444C-B54F-46FB73C0B3FD}
		{3BF26C37-93F9-45D6-AB5B-EF90152EF8DF} = {7CFE9FA0-1247-444C-B54F-46FB73C0B3FD}
		{3A3C8CFC-7E03-481B-A061-6B3204397422} = {7CFE9FA0-1247-444C-B54F-46FB73C0B3FD}
		{21B7C4AE-FBBB-4B21-90A5-4492B1077C43} = {32D7973C-2C85-4A77-ABDF-92DD594C7FED}
		{57C3088E-6E55-4F62-9659-C5090AD79F30} = {32D7973C-2C85-4A77-ABDF-92DD594C7FED}
		{A6A3B1AA-406A-4C65-A8E0-5B9DC8A0A81A} = {32D7973C-2C85-4A77-ABDF-92DD594C7FED}
		{F13DD8B1-69FD-4372-966D-F6C5BC4148BA} = {172F1450-3593-484F-9A4F-303C58367589}
		{AF5F190E-B49D-4D72-B6D1-753A0C2EDD5C} = {9C92F38F-7DB3-48B9-BAE0-73BDB8399F4E}
		{D8660063-A69B-4941-83E2-EAF69C166752} = {9C92F38F-7DB3-48B9-BAE0-73BDB8399F4E}
		{2E0D6C69-3DC6-4202-9006-B24E31B47DB1} = {9C92F38F-7DB3-48B9-BAE0-73BDB8399F4E}
		{25298D30-90C7-4084-AC2E-CC03F05D2B59} = {95B68FFB-F70F-45A3-8145-BB327588D1B9}
	EndGlobalSection
	GlobalSection(ExtensibilityGlobals) = postSolution
		SolutionGuid = {A0B2D1C5-C68C-4899-938A-E9CA74CB5ED5}
	EndGlobalSection
EndGlobal
