{
  "version": 1,
  "dependencies": {
    "net7.0": {
      "Microsoft.AspNetCore.Components.WebAssembly.Server": {
        "type": "Direct",
        "requested": "[7.0.10, )",
        "resolved": "7.0.10",
        "contentHash": "xntzReAliKg2a5DW6DHwvW4ktCYxCtGmK2cbJPDTatj1MRLyqvjFozC//TQMLhvm42jbXrzSuZlmh+7UMKksaw=="
      },
      "Microsoft.Extensions.Logging.AzureAppServices": {
        "type": "Direct",
        "requested": "[7.0.12, )",
        "resolved": "7.0.12",
        "contentHash": "6nJepKjZHtojvzK9Ik8l1maS+rGwM9S0hJTys2wIVZBNBMym/Lbc/riV4sV05OT/qFlV/91HKCmyZDoLvs1J+w==",
        "dependencies": {
          "Microsoft.Extensions.Configuration.EnvironmentVariables": "7.0.0",
          "Microsoft.Extensions.Configuration.Json": "7.0.0",
          "Microsoft.Extensions.Logging": "7.0.0",
          "Microsoft.Extensions.Logging.Abstractions": "7.0.1",
          "Microsoft.Extensions.Logging.Configuration": "7.0.0",
          "System.ValueTuple": "4.5.0"
        }
      },
      "Microsoft.SourceLink.GitHub": {
        "type": "Direct",
        "requested": "[1.*, )",
        "resolved": "1.1.1",
        "contentHash": "IaJGnOv/M7UQjRJks7B6p7pbPnOwisYGOIzqCz5ilGFTApZ3ktOR+6zJ12ZRPInulBmdAf1SrGdDG2MU8g6XTw==",
        "dependencies": {
          "Microsoft.Build.Tasks.Git": "1.1.1",
          "Microsoft.SourceLink.Common": "1.1.1"
        }
      },
      "Microsoft.AspNetCore.Authorization": {
        "type": "Transitive",
        "resolved": "7.0.10",
        "contentHash": "ZAAQZfho51GaJ+Pr2e6TVSDQu8lQ09xHJW67OZwuKtcWbgE4LaKmz6U5z7TYTctWxPQD5uZC1+U1hZUcn0g5Zw==",
        "dependencies": {
          "Microsoft.AspNetCore.Metadata": "7.0.10",
          "Microsoft.Extensions.Logging.Abstractions": "7.0.1",
          "Microsoft.Extensions.Options": "7.0.1"
        }
      },
      "Microsoft.AspNetCore.Components": {
        "type": "Transitive",
        "resolved": "7.0.10",
        "contentHash": "BX8U5jpbMG8jBecMGrjl1ZjxxFUpJCcGiIaunP4EFSQKxomM7mjjfskkbQhruOy8c60aeiacRx86gXGQ0uK6TA==",
        "dependencies": {
          "Microsoft.AspNetCore.Authorization": "7.0.10",
          "Microsoft.AspNetCore.Components.Analyzers": "7.0.10"
        }
      },
      "Microsoft.AspNetCore.Components.Analyzers": {
        "type": "Transitive",
        "resolved": "7.0.10",
        "contentHash": "F1BPBk1koIKmUDGEoH/4qZaGI2+9T9HbGWtvaoWRyyOIsa2/AIJ1aWk08TGkFQuVExSHqJgi3Wb82ApnXDFJZA=="
      },
      "Microsoft.AspNetCore.Components.Forms": {
        "type": "Transitive",
        "resolved": "7.0.10",
        "contentHash": "J1kLcXnO0gtGZjluTHfnZDVpp/EJtXLKULVyqD/qGpCujguRcyRS42PeaoZrI8ALnWNmCvIrOYLVkTiG1/6fJw==",
        "dependencies": {
          "Microsoft.AspNetCore.Components": "7.0.10"
        }
      },
      "Microsoft.AspNetCore.Components.Web": {
        "type": "Transitive",
        "resolved": "7.0.10",
        "contentHash": "voBVhtYNZ9fGtGZ2fa172y9HSe/3Ee3BavFxRQCLJCvg+ynDuQTjsB6f76xLx+ySXKHZCyAyJmN+HTBo7duW0Q==",
        "dependencies": {
          "Microsoft.AspNetCore.Components": "7.0.10",
          "Microsoft.AspNetCore.Components.Forms": "7.0.10",
          "Microsoft.Extensions.DependencyInjection": "7.0.0",
          "Microsoft.JSInterop": "7.0.10",
          "System.IO.Pipelines": "7.0.0"
        }
      },
      "Microsoft.AspNetCore.Components.WebAssembly": {
        "type": "Transitive",
        "resolved": "7.0.10",
        "contentHash": "+aWngaXRxUzNDc3SiVQxIprkuuDhp+ZF9FfKK0zv/LisTOkA/+hiIA1OpCHJVBGdbdYNIl5+JA3ZCoH2zEJxyg==",
        "dependencies": {
          "Microsoft.AspNetCore.Components.Web": "7.0.10",
          "Microsoft.Extensions.Configuration.Binder": "7.0.4",
          "Microsoft.Extensions.Configuration.Json": "7.0.0",
          "Microsoft.Extensions.Logging": "7.0.0",
          "Microsoft.JSInterop.WebAssembly": "7.0.10"
        }
      },
      "Microsoft.AspNetCore.Metadata": {
        "type": "Transitive",
        "resolved": "7.0.10",
        "contentHash": "czsM8xLZdCyATOWwaSUf8k9/D0Il6RTmUh7QQpQDD/J1KeVMd0C4L6tDpb1U+OMmECDG1xjrKnXBJP0SoeCjhg=="
      },
      "Microsoft.Build.Tasks.Git": {
        "type": "Transitive",
        "resolved": "1.1.1",
        "contentHash": "AT3HlgTjsqHnWpBHSNeR0KxbLZD7bztlZVj7I8vgeYG9SYqbeFGh0TM/KVtC6fg53nrWHl3VfZFvb5BiQFcY6Q=="
      },
      "Microsoft.Extensions.Configuration": {
        "type": "Transitive",
        "resolved": "7.0.0",
        "contentHash": "tldQUBWt/xeH2K7/hMPPo5g8zuLc3Ro9I5d4o/XrxvxOCA2EZBtW7bCHHTc49fcBtvB8tLAb/Qsmfrq+2SJ4vA==",
        "dependencies": {
          "Microsoft.Extensions.Configuration.Abstractions": "7.0.0",
          "Microsoft.Extensions.Primitives": "7.0.0"
        }
      },
      "Microsoft.Extensions.Configuration.Abstractions": {
        "type": "Transitive",
        "resolved": "7.0.0",
        "contentHash": "f34u2eaqIjNO9YLHBz8rozVZ+TcFiFs0F3r7nUJd7FRkVSxk8u4OpoK226mi49MwexHOR2ibP9MFvRUaLilcQQ==",
        "dependencies": {
          "Microsoft.Extensions.Primitives": "7.0.0"
        }
      },
      "Microsoft.Extensions.Configuration.Binder": {
        "type": "Transitive",
        "resolved": "7.0.4",
        "contentHash": "8+XPvJnHZsYgHOQlcMuQe7QNF5KdVKHH1F/wW3nd8/u81Gk/XFAYMDP0Lpz18h7/AM95M662vvqMorcYxCBB4w==",
        "dependencies": {
          "Microsoft.Extensions.Configuration.Abstractions": "7.0.0"
        }
      },
      "Microsoft.Extensions.Configuration.EnvironmentVariables": {
        "type": "Transitive",
        "resolved": "7.0.0",
        "contentHash": "RIkfqCkvrAogirjsqSrG1E1FxgrLsOZU2nhRbl07lrajnxzSU2isj2lwQah0CtCbLWo/pOIukQzM1GfneBUnxA==",
        "dependencies": {
          "Microsoft.Extensions.Configuration": "7.0.0",
          "Microsoft.Extensions.Configuration.Abstractions": "7.0.0"
        }
      },
      "Microsoft.Extensions.Configuration.FileExtensions": {
        "type": "Transitive",
        "resolved": "7.0.0",
        "contentHash": "xk2lRJ1RDuqe57BmgvRPyCt6zyePKUmvT6iuXqiHR+/OIIgWVR8Ff5k2p6DwmqY8a17hx/OnrekEhziEIeQP6Q==",
        "dependencies": {
          "Microsoft.Extensions.Configuration": "7.0.0",
          "Microsoft.Extensions.Configuration.Abstractions": "7.0.0",
          "Microsoft.Extensions.FileProviders.Abstractions": "7.0.0",
          "Microsoft.Extensions.FileProviders.Physical": "7.0.0",
          "Microsoft.Extensions.Primitives": "7.0.0"
        }
      },
      "Microsoft.Extensions.Configuration.Json": {
        "type": "Transitive",
        "resolved": "7.0.0",
        "contentHash": "LDNYe3uw76W35Jci+be4LDf2lkQZe0A7EEYQVChFbc509CpZ4Iupod8li4PUXPBhEUOFI/rlQNf5xkzJRQGvtA==",
        "dependencies": {
          "Microsoft.Extensions.Configuration": "7.0.0",
          "Microsoft.Extensions.Configuration.Abstractions": "7.0.0",
          "Microsoft.Extensions.Configuration.FileExtensions": "7.0.0",
          "Microsoft.Extensions.FileProviders.Abstractions": "7.0.0",
          "System.Text.Json": "7.0.0"
        }
      },
      "Microsoft.Extensions.DependencyInjection": {
        "type": "Transitive",
        "resolved": "7.0.0",
        "contentHash": "elNeOmkeX3eDVG6pYVeV82p29hr+UKDaBhrZyWvWLw/EVZSYEkZlQdkp0V39k/Xehs2Qa0mvoCvkVj3eQxNQ1Q==",
        "dependencies": {
          "Microsoft.Extensions.DependencyInjection.Abstractions": "7.0.0"
        }
      },
      "Microsoft.Extensions.DependencyInjection.Abstractions": {
        "type": "Transitive",
        "resolved": "7.0.0",
        "contentHash": "h3j/QfmFN4S0w4C2A6X7arXij/M/OVw3uQHSOFxnND4DyAzO1F9eMX7Eti7lU/OkSthEE0WzRsfT/Dmx86jzCw=="
      },
      "Microsoft.Extensions.FileProviders.Abstractions": {
        "type": "Transitive",
        "resolved": "7.0.0",
        "contentHash": "NyawiW9ZT/liQb34k9YqBSNPLuuPkrjMgQZ24Y/xXX1RoiBkLUdPMaQTmxhZ5TYu8ZKZ9qayzil75JX95vGQUg==",
        "dependencies": {
          "Microsoft.Extensions.Primitives": "7.0.0"
        }
      },
      "Microsoft.Extensions.FileProviders.Physical": {
        "type": "Transitive",
        "resolved": "7.0.0",
        "contentHash": "K8D2MTR+EtzkbZ8z80LrG7Ur64R7ZZdRLt1J5cgpc/pUWl0C6IkAUapPuK28oionHueCPELUqq0oYEvZfalNdg==",
        "dependencies": {
          "Microsoft.Extensions.FileProviders.Abstractions": "7.0.0",
          "Microsoft.Extensions.FileSystemGlobbing": "7.0.0",
          "Microsoft.Extensions.Primitives": "7.0.0"
        }
      },
      "Microsoft.Extensions.FileSystemGlobbing": {
        "type": "Transitive",
        "resolved": "7.0.0",
        "contentHash": "2jONjKHiF+E92ynz2ZFcr9OvxIw+rTGMPEH+UZGeHTEComVav93jQUWGkso8yWwVBcEJGcNcZAaqY01FFJcj7w=="
      },
      "Microsoft.Extensions.Logging": {
        "type": "Transitive",
        "resolved": "7.0.0",
        "contentHash": "Nw2muoNrOG5U5qa2ZekXwudUn2BJcD41e65zwmDHb1fQegTX66UokLWZkJRpqSSHXDOWZ5V0iqhbxOEky91atA==",
        "dependencies": {
          "Microsoft.Extensions.DependencyInjection": "7.0.0",
          "Microsoft.Extensions.DependencyInjection.Abstractions": "7.0.0",
          "Microsoft.Extensions.Logging.Abstractions": "7.0.0",
          "Microsoft.Extensions.Options": "7.0.0"
        }
      },
      "Microsoft.Extensions.Logging.Abstractions": {
        "type": "Transitive",
        "resolved": "7.0.1",
        "contentHash": "pkeBFx0vqMW/A3aUVHh7MPu3WkBhaVlezhSZeb1c9XD0vUReYH1TLFSy5MxJgZfmz5LZzYoErMorlYZiwpOoNA=="
      },
      "Microsoft.Extensions.Logging.Configuration": {
        "type": "Transitive",
        "resolved": "7.0.0",
        "contentHash": "FLDA0HcffKA8ycoDQLJuCNGIE42cLWPxgdQGRBaSzZrYTkMBjnf9zrr8pGT06psLq9Q+RKWmmZczQ9bCrXEBcA==",
        "dependencies": {
          "Microsoft.Extensions.Configuration": "7.0.0",
          "Microsoft.Extensions.Configuration.Abstractions": "7.0.0",
          "Microsoft.Extensions.Configuration.Binder": "7.0.0",
          "Microsoft.Extensions.DependencyInjection.Abstractions": "7.0.0",
          "Microsoft.Extensions.Logging": "7.0.0",
          "Microsoft.Extensions.Logging.Abstractions": "7.0.0",
          "Microsoft.Extensions.Options": "7.0.0",
          "Microsoft.Extensions.Options.ConfigurationExtensions": "7.0.0"
        }
      },
      "Microsoft.Extensions.Options": {
        "type": "Transitive",
        "resolved": "7.0.1",
        "contentHash": "pZRDYdN1FpepOIfHU62QoBQ6zdAoTvnjxFfqAzEd9Jhb2dfhA5i6jeTdgGgcgTWFRC7oT0+3XrbQu4LjvgX1Nw==",
        "dependencies": {
          "Microsoft.Extensions.DependencyInjection.Abstractions": "7.0.0",
          "Microsoft.Extensions.Primitives": "7.0.0"
        }
      },
      "Microsoft.Extensions.Options.ConfigurationExtensions": {
        "type": "Transitive",
        "resolved": "7.0.0",
        "contentHash": "95UnxZkkFdXxF6vSrtJsMHCzkDeSMuUWGs2hDT54cX+U5eVajrCJ3qLyQRW+CtpTt5OJ8bmTvpQVHu1DLhH+cA==",
        "dependencies": {
          "Microsoft.Extensions.Configuration.Abstractions": "7.0.0",
          "Microsoft.Extensions.Configuration.Binder": "7.0.0",
          "Microsoft.Extensions.DependencyInjection.Abstractions": "7.0.0",
          "Microsoft.Extensions.Options": "7.0.0",
          "Microsoft.Extensions.Primitives": "7.0.0"
        }
      },
      "Microsoft.Extensions.Primitives": {
        "type": "Transitive",
        "resolved": "7.0.0",
        "contentHash": "um1KU5kxcRp3CNuI8o/GrZtD4AIOXDk+RLsytjZ9QPok3ttLUelLKpilVPuaFT3TFjOhSibUAso0odbOaCDj3Q=="
      },
      "Microsoft.JSInterop": {
        "type": "Transitive",
        "resolved": "7.0.10",
        "contentHash": "MH5KValnvohy+bXUz7Bf72avLqi+95uLARJCQ14s+rjW0km5qJOY6WmuWQHF3eLBTjq4T0iRoGD7/MfKrLztzA=="
      },
      "Microsoft.JSInterop.WebAssembly": {
        "type": "Transitive",
        "resolved": "7.0.10",
        "contentHash": "hUvJHCoGeNDrKkuZrprL874mUd0WK0zR9LC9oY4PYKWsp747PkyrZLBIpnDXTJ8j1hYT4I5fCdO736NQxBi65g==",
        "dependencies": {
          "Microsoft.JSInterop": "7.0.10"
        }
      },
      "Microsoft.SourceLink.Common": {
        "type": "Transitive",
        "resolved": "1.1.1",
        "contentHash": "WMcGpWKrmJmzrNeuaEb23bEMnbtR/vLmvZtkAP5qWu7vQsY59GqfRJd65sFpBszbd2k/bQ8cs8eWawQKAabkVg=="
      },
      "System.IO.Pipelines": {
        "type": "Transitive",
        "resolved": "7.0.0",
        "contentHash": "jRn6JYnNPW6xgQazROBLSfpdoczRw694vO5kKvMcNnpXuolEixUyw6IBuBs2Y2mlSX/LdLvyyWmfXhaI3ND1Yg=="
      },
      "System.Net.Http.Json": {
        "type": "Transitive",
        "resolved": "7.0.1",
        "contentHash": "ni8+BJnndbJI9AXme/qCYXg1s4RpdRJx3gKp5WzcWuLt4l3syuscgk5Becis6x4E7HbQk4z6A7FNXFQD75F+wQ==",
        "dependencies": {
          "System.Text.Json": "7.0.2"
        }
      },
      "System.Text.Encodings.Web": {
        "type": "Transitive",
        "resolved": "7.0.0",
        "contentHash": "OP6umVGxc0Z0MvZQBVigj4/U31Pw72ITihDWP9WiWDm+q5aoe0GaJivsfYGq53o6dxH7DcXWiCTl7+0o2CGdmg=="
      },
      "System.Text.Json": {
        "type": "Transitive",
        "resolved": "7.0.2",
        "contentHash": "/LZf/JrGyilojqwpaywb+sSz8Tew7ij4K/Sk+UW8AKfAK7KRhR6mKpKtTm06cYA7bCpGTWfYksIW+mVsdxPegQ==",
        "dependencies": {
          "System.Text.Encodings.Web": "7.0.0"
        }
      },
      "System.ValueTuple": {
        "type": "Transitive",
        "resolved": "4.5.0",
        "contentHash": "okurQJO6NRE/apDIP23ajJ0hpiNmJ+f0BwOlB/cSqTLQlw5upkf+5+96+iG2Jw40G1fCVCyPz/FhIABUjMR+RQ=="
      },
      "webapplication1.client": {
        "type": "Project",
        "dependencies": {
          "Microsoft.AspNetCore.Components.WebAssembly": "[7.0.10, )",
          "System.Net.Http.Json": "[7.0.1, )",
          "WebApplication1.Shared": "[1.0.0, )"
        }
      },
      "webapplication1.shared": {
        "type": "Project"
      }
    }
  }
}