Microsoft Visual Studio Solution File, Format Version 12.00
# Visual Studio Version 17
VisualStudioVersion = 17.5.2.0
MinimumVisualStudioVersion = 10.0.40219.1
Project("{FAE04EC0-301F-11D3-BF4B-00C04F79EFBC}") = "Diginsight.Diagnostics", "Diginsight.Diagnostics.csproj", "{5F59BF69-7FF0-0091-F0AD-D22D88527A31}"
EndProject
Global
	GlobalSection(SolutionConfigurationPlatforms) = preSolution
		Debug|Any CPU = Debug|Any CPU
		Release|Any CPU = Release|Any CPU
	EndGlobalSection
	GlobalSection(ProjectConfigurationPlatforms) = postSolution
		{5F59BF69-7FF0-0091-F0AD-D22D88527A31}.Debug|Any CPU.ActiveCfg = Debug|Any CPU
		{5F59BF69-7FF0-0091-F0AD-D22D88527A31}.Debug|Any CPU.Build.0 = Debug|Any CPU
		{5F59BF69-7FF0-0091-F0AD-D22D88527A31}.Release|Any CPU.ActiveCfg = Release|Any CPU
		{5F59BF69-7FF0-0091-F0AD-D22D88527A31}.Release|Any CPU.Build.0 = Release|Any CPU
	EndGlobalSection
	GlobalSection(SolutionProperties) = preSolution
		HideSolutionNode = FALSE
	EndGlobalSection
	GlobalSection(ExtensibilityGlobals) = postSolution
		SolutionGuid = {F493EEC1-B5BB-48CF-A75A-3F0DBBD8A310}
	EndGlobalSection
EndGlobal
