{
  "version": 1,
  "dependencies": {
    "net6.0-windows7.0": {
      "Azure.Monitor.OpenTelemetry.AspNetCore": {
        "type": "Direct",
        "requested": "[1.0.0-beta.8, )",
        "resolved": "1.0.0-beta.8",
        "contentHash": "YVK09psTBYncEtQDxcu5N0tJq+tgVxlWnJfAWcezzuGAY6LBxvkmBg31B6dQS/qc9oUt/XIPIqjwmEzQdXtTVQ==",
        "dependencies": {
          "Azure.Monitor.OpenTelemetry.Exporter": "1.0.0",
          "Microsoft.AspNetCore.Http.Abstractions": "[2.1.1, 6.0.0)",
          "Microsoft.AspNetCore.Http.Features": "[2.1.1, 6.0.0)",
          "OpenTelemetry.Extensions.Hosting": "1.6.0",
          "System.Text.Encodings.Web": "4.7.2"
        }
      },
      "Azure.Monitor.OpenTelemetry.Exporter": {
        "type": "Direct",
        "requested": "[1.0.0, )",
        "resolved": "1.0.0",
        "contentHash": "Hj4tDQa5ZJc108QLjGaTvmf38fCn4vZMK6vd3muNQ+k7Zd71d+QrpnsnlaAVGAqb/XAKZsMhySviI5LtAlU+kA==",
        "dependencies": {
          "Azure.Core": "1.35.0",
          "OpenTelemetry": "1.6.0",
          "OpenTelemetry.PersistentStorage.FileSystem": "1.0.0",
          "System.Text.Json": "4.7.2"
        }
      },
      "log4net": {
        "type": "Direct",
        "requested": "[2.0.15, )",
        "resolved": "2.0.15",
        "contentHash": "GahnO9ZgFka+xYcFwAfIFjW+k86P2nxFoaEpH6t3v4hiGj7tv2ksVZphxCVIHmJxoySS0HeU3dgCW+bSCcfD0A==",
        "dependencies": {
          "System.Configuration.ConfigurationManager": "4.5.0"
        }
      },
      "Microsoft.ApplicationInsights.AspNetCore": {
        "type": "Direct",
        "requested": "[2.21.0, )",
        "resolved": "2.21.0",
        "contentHash": "d+7MB4YdUMc9Mtq2u6C7TritzC0eKfHkhGmlnNckDDQiOQuk9IHMPxUmPBRMm/tn+db8fI/BYno9jGxLhI+SZw==",
        "dependencies": {
          "Microsoft.ApplicationInsights": "2.21.0",
          "Microsoft.ApplicationInsights.DependencyCollector": "2.21.0",
          "Microsoft.ApplicationInsights.EventCounterCollector": "2.21.0",
          "Microsoft.ApplicationInsights.PerfCounterCollector": "2.21.0",
          "Microsoft.ApplicationInsights.WindowsServer": "2.21.0",
          "Microsoft.ApplicationInsights.WindowsServer.TelemetryChannel": "2.21.0",
          "Microsoft.AspNetCore.Hosting": "2.1.1",
          "Microsoft.AspNetCore.Http": "2.1.22",
          "Microsoft.Extensions.Configuration.Json": "3.1.0",
          "Microsoft.Extensions.Logging.ApplicationInsights": "2.21.0",
          "System.Text.Encodings.Web": "4.7.2"
        }
      },
      "Microsoft.AspNetCore.Http": {
        "type": "Direct",
        "requested": "[2.2.2, )",
        "resolved": "2.2.2",
        "contentHash": "BAibpoItxI5puk7YJbIGj95arZueM8B8M5xT1fXBn3hb3L2G3ucrZcYXv1gXdaroLbntUs8qeV8iuBrpjQsrKw==",
        "dependencies": {
          "Microsoft.AspNetCore.Http.Abstractions": "2.2.0",
          "Microsoft.AspNetCore.WebUtilities": "2.2.0",
          "Microsoft.Extensions.ObjectPool": "2.2.0",
          "Microsoft.Extensions.Options": "2.2.0",
          "Microsoft.Net.Http.Headers": "2.2.0"
        }
      },
      "Microsoft.AspNetCore.Http.Abstractions": {
        "type": "Direct",
        "requested": "[2.2.0, )",
        "resolved": "2.2.0",
        "contentHash": "Nxs7Z1q3f1STfLYKJSVXCs1iBl+Ya6E8o4Oy1bCxJ/rNI44E/0f6tbsrVqAWfB7jlnJfyaAtIalBVxPKUPQb4Q==",
        "dependencies": {
          "Microsoft.AspNetCore.Http.Features": "2.2.0",
          "System.Text.Encodings.Web": "4.5.0"
        }
      },
      "Microsoft.Extensions.Hosting": {
        "type": "Direct",
        "requested": "[7.0.1, )",
        "resolved": "7.0.1",
        "contentHash": "aoeMou6XSW84wiqd895OdaGyO9PfH6nohQJ0XBcshRDafbdIU6PQIVl8TpOCssPYq3ciRseP5064hbFyCR9J9w==",
        "dependencies": {
          "Microsoft.Extensions.Configuration": "7.0.0",
          "Microsoft.Extensions.Configuration.Abstractions": "7.0.0",
          "Microsoft.Extensions.Configuration.Binder": "7.0.3",
          "Microsoft.Extensions.Configuration.CommandLine": "7.0.0",
          "Microsoft.Extensions.Configuration.EnvironmentVariables": "7.0.0",
          "Microsoft.Extensions.Configuration.FileExtensions": "7.0.0",
          "Microsoft.Extensions.Configuration.Json": "7.0.0",
          "Microsoft.Extensions.Configuration.UserSecrets": "7.0.0",
          "Microsoft.Extensions.DependencyInjection": "7.0.0",
          "Microsoft.Extensions.DependencyInjection.Abstractions": "7.0.0",
          "Microsoft.Extensions.FileProviders.Abstractions": "7.0.0",
          "Microsoft.Extensions.FileProviders.Physical": "7.0.0",
          "Microsoft.Extensions.Hosting.Abstractions": "7.0.0",
          "Microsoft.Extensions.Logging": "7.0.0",
          "Microsoft.Extensions.Logging.Abstractions": "7.0.0",
          "Microsoft.Extensions.Logging.Configuration": "7.0.0",
          "Microsoft.Extensions.Logging.Console": "7.0.0",
          "Microsoft.Extensions.Logging.Debug": "7.0.0",
          "Microsoft.Extensions.Logging.EventLog": "7.0.0",
          "Microsoft.Extensions.Logging.EventSource": "7.0.0",
          "Microsoft.Extensions.Options": "7.0.1",
          "System.Diagnostics.DiagnosticSource": "7.0.1"
        }
      },
      "Microsoft.Extensions.Http.Polly": {
        "type": "Direct",
        "requested": "[6.0.18, )",
        "resolved": "6.0.18",
        "contentHash": "cnnchuJT+5E8gzVaOF979q9QU1w8Lf9BvWXA+BJmGznnLH24f9Mr80UNYezO2vJO/t0eugRTupfEvWaJYlSvDg==",
        "dependencies": {
          "Microsoft.Extensions.Http": "6.0.0",
          "Polly": "7.2.2",
          "Polly.Extensions.Http": "3.0.0"
        }
      },
      "Microsoft.Extensions.Logging.ApplicationInsights": {
        "type": "Direct",
        "requested": "[2.21.0, )",
        "resolved": "2.21.0",
        "contentHash": "tjzErt5oaLs1caaThu6AbtJuHH0oIGDG/rYCXDruHVGig3m8MyCDuwDsGQwzimY7g4aFyLOKfHc3unBN2G96gw==",
        "dependencies": {
          "Microsoft.ApplicationInsights": "2.21.0",
          "Microsoft.Extensions.Logging": "2.1.1"
        }
      },
      "Microsoft.Extensions.Logging.AzureAppServices": {
        "type": "Direct",
        "requested": "[7.0.12, )",
        "resolved": "7.0.12",
        "contentHash": "6nJepKjZHtojvzK9Ik8l1maS+rGwM9S0hJTys2wIVZBNBMym/Lbc/riV4sV05OT/qFlV/91HKCmyZDoLvs1J+w==",
        "dependencies": {
          "Microsoft.Extensions.Configuration.EnvironmentVariables": "7.0.0",
          "Microsoft.Extensions.Configuration.Json": "7.0.0",
          "Microsoft.Extensions.Logging": "7.0.0",
          "Microsoft.Extensions.Logging.Abstractions": "7.0.1",
          "Microsoft.Extensions.Logging.Configuration": "7.0.0",
          "System.ValueTuple": "4.5.0"
        }
      },
      "Microsoft.Extensions.Logging.Log4Net.AspNetCore": {
        "type": "Direct",
        "requested": "[7.0.0, )",
        "resolved": "7.0.0",
        "contentHash": "K0u/4yxRNfIDI0xGHCZUwIRGsIBJ13FSP8SWmfGvyMTm8Fzf9GlwRaGenRuopQs4/Yg0Aa1KFB1wpCVUkEpmEw==",
        "dependencies": {
          "Microsoft.Extensions.Configuration": "6.0.0",
          "Microsoft.Extensions.Configuration.Abstractions": "6.0.0",
          "Microsoft.Extensions.Configuration.Binder": "6.0.0",
          "Microsoft.Extensions.Logging": "6.0.0",
          "log4net": "2.0.15"
        }
      },
      "Microsoft.NETCore.App": {
        "type": "Direct",
        "requested": "[2.2.8, )",
        "resolved": "2.2.8",
        "contentHash": "GOxlvyc8hFrnhDjYlm25JJ7PwoyeoOpZzcg6ZgF8n8l6VxezNupRkkTeA2ek1WsspN0CdAoA8e7iDVNU84/F+Q==",
        "dependencies": {
          "Microsoft.NETCore.DotNetHostPolicy": "2.2.8",
          "Microsoft.NETCore.Platforms": "2.2.4",
          "Microsoft.NETCore.Targets": "2.0.0",
          "NETStandard.Library": "2.0.3"
        }
      },
      "Microsoft.SourceLink.GitHub": {
        "type": "Direct",
        "requested": "[1.*, )",
        "resolved": "1.1.1",
        "contentHash": "IaJGnOv/M7UQjRJks7B6p7pbPnOwisYGOIzqCz5ilGFTApZ3ktOR+6zJ12ZRPInulBmdAf1SrGdDG2MU8g6XTw==",
        "dependencies": {
          "Microsoft.Build.Tasks.Git": "1.1.1",
          "Microsoft.SourceLink.Common": "1.1.1"
        }
      },
      "OpenTelemetry": {
        "type": "Direct",
        "requested": "[1.6.0, )",
        "resolved": "1.6.0",
        "contentHash": "bTvLk9YIg0nUDb6K+f8mJkMK8b7sfGEyD0Zmg6ckD7kDCkBq1Hk1KjqlA/jEsypJIVnyclP0CGDcOELGYXGpAA==",
        "dependencies": {
          "Microsoft.Extensions.Logging.Configuration": "3.1.0",
          "OpenTelemetry.Api.ProviderBuilderExtensions": "1.6.0"
        }
      },
      "OpenTelemetry.Exporter.Console": {
        "type": "Direct",
        "requested": "[1.6.0, )",
        "resolved": "1.6.0",
        "contentHash": "M7icDNHjLRllgi6n3xlFEkBSQaPNnG1cwKm74RNUNT56XTmggHACmuiOxpqBXPchjOQNwsUS7We9fEz3ul97zg==",
        "dependencies": {
          "OpenTelemetry": "1.6.0",
          "System.Text.Encodings.Web": "4.7.2",
          "System.Text.Json": "4.7.2"
        }
      },
      "OpenTelemetry.Exporter.OpenTelemetryProtocol": {
        "type": "Direct",
        "requested": "[1.6.0, )",
        "resolved": "1.6.0",
        "contentHash": "Xfb4ouRSerQe8Kgg6JBHMaPnjD7cPzdPIk4df6JDLO8G/S0K7uTMngw5qbVm88cqGs0p+YcQTg6FvXMQ6kL/dw==",
        "dependencies": {
          "Google.Protobuf": "[3.19.4, 4.0.0)",
          "Grpc.Net.Client": "[2.52.0, 3.0.0)",
          "OpenTelemetry": "1.6.0"
        }
      },
      "OpenTelemetry.Exporter.Prometheus.AspNetCore": {
        "type": "Direct",
        "requested": "[1.5.0-rc.1, )",
        "resolved": "1.5.0-rc.1",
        "contentHash": "DnP6IyHSv7+Y3pYs7+8/wf77yjpfsw28N8wdbV68J1n+PZCfi+bf912qWye8/rsm+x0d2PySd+Iq8Pd4MSe1WA==",
        "dependencies": {
          "OpenTelemetry": "1.5.0-rc.1"
        }
      },
      "OpenTelemetry.Extensions.Hosting": {
        "type": "Direct",
        "requested": "[1.6.0, )",
        "resolved": "1.6.0",
        "contentHash": "Bu9biIlX1mLOtHiXYJ+IJJ2AfuiXcUjswxo5FD+pV+V+miRS0AtJrnZoWzlL2ATVY0QlVbSBJFDULPbgb0vylw==",
        "dependencies": {
          "Microsoft.Extensions.Hosting.Abstractions": "2.1.0",
          "OpenTelemetry": "1.6.0"
        }
      },
      "OpenTelemetry.Instrumentation.AspNetCore": {
        "type": "Direct",
        "requested": "[1.5.0-beta.1, )",
        "resolved": "1.5.0-beta.1",
        "contentHash": "CLL87iDx8NBySR3wByWAOyy+nisHjqR9WxsRbYgSys+S4EFahWEz6pde/g9ti/IBYxY2szzVsd2zkYuzg5TGIg==",
        "dependencies": {
          "OpenTelemetry": "1.5.0"
        }
      },
      "OpenTelemetry.Instrumentation.Http": {
        "type": "Direct",
        "requested": "[1.5.0-beta.1, )",
        "resolved": "1.5.0-beta.1",
        "contentHash": "no6ahOELdsqnwZ71bLF73sWF3YjJeGQCqJPxf5Y1QxJd5Ue0xz4R3btHbiowptLI7+36N0965AE3i9WHCW7Svg==",
        "dependencies": {
          "OpenTelemetry": "1.5.0"
        }
      },
      "Refit": {
        "type": "Direct",
        "requested": "[7.0.0, )",
        "resolved": "7.0.0",
        "contentHash": "MeOXucNjebiLiOM+hM4niN2cWLlwaQWNCGZs0LDUEoCVwOtV/IWOMOqlAbUeb8Y0/iOgMai2g6Gz9M/d6V7gtA==",
        "dependencies": {
          "System.Net.Http.Json": "7.0.1",
          "System.Text.Json": "7.0.3"
        }
      },
      "Refit.HttpClientFactory": {
        "type": "Direct",
        "requested": "[7.0.0, )",
        "resolved": "7.0.0",
        "contentHash": "27zuHqcN2BJbNqGF0OlUAPEKNnPFibJVHsS5XnViS2Brw1ceCbzYsDqP19dlgWCb/sLGFxSpRWhkCimOo8jljw==",
        "dependencies": {
          "Microsoft.Extensions.Http": "7.0.0",
          "Refit": "7.0.0"
        }
      },
      "Azure.Core": {
        "type": "Transitive",
        "resolved": "1.35.0",
        "contentHash": "hENcx03Jyuqv05F4RBEPbxz29UrM3Nbhnr6Wl6NQpoU9BCIbL3XLentrxDCTrH54NLS11Exxi/o8MYgT/cnKFA==",
        "dependencies": {
          "Microsoft.Bcl.AsyncInterfaces": "1.1.1",
          "System.Diagnostics.DiagnosticSource": "6.0.1",
          "System.Memory.Data": "1.0.2",
          "System.Numerics.Vectors": "4.5.0",
          "System.Text.Encodings.Web": "4.7.2",
          "System.Text.Json": "4.7.2",
          "System.Threading.Tasks.Extensions": "4.5.4"
        }
      },
      "Google.Protobuf": {
        "type": "Transitive",
        "resolved": "3.19.4",
        "contentHash": "fd07/ykL4O4FhqrZIELm5lmiyOHfdPg9+o+hWr6tcfRdS7tHXnImg/2wtogLzlW2eEmr0J7j6ZrZvaWOLiJbxQ=="
      },
      "Grpc.Core.Api": {
        "type": "Transitive",
        "resolved": "2.52.0",
        "contentHash": "SQiPyBczG4vKPmI6Fd+O58GcxxDSFr6nfRAJuBDUNj+PgdokhjWJvZE/La1c09AkL2FVm/jrDloG89nkzmVF7A==",
        "dependencies": {
          "System.Memory": "4.5.3"
        }
      },
      "Grpc.Net.Client": {
        "type": "Transitive",
        "resolved": "2.52.0",
        "contentHash": "hWVH9g/Nnjz40ni//2S8UIOyEmhueQREoZIkD0zKHEPqLxXcNlbp4eebXIOicZtkwDSx0TFz9NpkbecEDn6rBw==",
        "dependencies": {
          "Grpc.Net.Common": "2.52.0",
          "Microsoft.Extensions.Logging.Abstractions": "3.0.3"
        }
      },
      "Grpc.Net.Common": {
        "type": "Transitive",
        "resolved": "2.52.0",
        "contentHash": "di9qzpdx525IxumZdYmu6sG2y/gXJyYeZ1ruFUzB9BJ1nj4kU1/dTAioNCMt1VLRvNVDqh8S8B1oBdKhHJ4xRg==",
        "dependencies": {
          "Grpc.Core.Api": "2.52.0"
        }
      },
      "Microsoft.ApplicationInsights": {
        "type": "Transitive",
        "resolved": "2.21.0",
        "contentHash": "btZEDWAFNo9CoYliMCriSMTX3ruRGZTtYw4mo2XyyfLlowFicYVM2Xszi5evDG95QRYV7MbbH3D2RqVwfZlJHw==",
        "dependencies": {
          "System.Diagnostics.DiagnosticSource": "5.0.0"
        }
      },
      "Microsoft.ApplicationInsights.DependencyCollector": {
        "type": "Transitive",
        "resolved": "2.21.0",
        "contentHash": "XArm5tBEUdWs05eDKxnsUUQBduJ45DEQOMnpL7wNWxBpgxn+dbl8nObA2jzExbQhbw6P74lc/1f+RdV4iPaOgg==",
        "dependencies": {
          "Microsoft.ApplicationInsights": "2.21.0",
          "System.Diagnostics.DiagnosticSource": "5.0.0"
        }
      },
      "Microsoft.ApplicationInsights.EventCounterCollector": {
        "type": "Transitive",
        "resolved": "2.21.0",
        "contentHash": "MfF9IKxx9UhaYHVFQ1VKw0LYvBhkjZtPNUmCTYlGws0N7D2EaupmeIj/EWalqP47sQRedR9+VzARsONcwH8OCA==",
        "dependencies": {
          "Microsoft.ApplicationInsights": "2.21.0"
        }
      },
      "Microsoft.ApplicationInsights.PerfCounterCollector": {
        "type": "Transitive",
        "resolved": "2.21.0",
        "contentHash": "RcckSVkfu+NkDie6/HyM6AVLHmTMVZrUrYnDeJdvRByOc2a+DqTM6KXMtsTHW/5+K7DT9QK5ZrZdi0YbBW8PVA==",
        "dependencies": {
          "Microsoft.ApplicationInsights": "2.21.0",
          "Microsoft.Extensions.Caching.Memory": "1.0.0",
          "System.Diagnostics.PerformanceCounter": "4.7.0"
        }
      },
      "Microsoft.ApplicationInsights.WindowsServer": {
        "type": "Transitive",
        "resolved": "2.21.0",
        "contentHash": "Xbhss7dqbKyE5PENm1lRA9oxzhKEouKGMzgNqJ9xTHPZiogDwKVMK02qdbVhvaXKf9zG8RvvIpM5tnGR5o+Onw==",
        "dependencies": {
          "Microsoft.ApplicationInsights": "2.21.0",
          "Microsoft.ApplicationInsights.DependencyCollector": "2.21.0",
          "Microsoft.ApplicationInsights.PerfCounterCollector": "2.21.0",
          "Microsoft.ApplicationInsights.WindowsServer.TelemetryChannel": "2.21.0",
          "System.Diagnostics.DiagnosticSource": "5.0.0"
        }
      },
      "Microsoft.ApplicationInsights.WindowsServer.TelemetryChannel": {
        "type": "Transitive",
        "resolved": "2.21.0",
        "contentHash": "7D4oq+9YyagEPx+0kNNOXdG6c7IDM/2d+637nAYKFqdWhNN0IqHZEed0DuG28waj7hBSLM9lBO+B8qQqgfE4rw==",
        "dependencies": {
          "Microsoft.ApplicationInsights": "2.21.0",
          "System.IO.FileSystem.AccessControl": "4.7.0"
        }
      },
      "Microsoft.AspNetCore.Hosting": {
        "type": "Transitive",
        "resolved": "2.1.1",
        "contentHash": "MqYc0DUxrhAPnb5b4HFspxsoJT+gJlLsliSxIgovf4BsbmpaXQId0/pDiVzLuEbmks2w1/lRfY8w0lQOuK1jQQ==",
        "dependencies": {
          "Microsoft.AspNetCore.Hosting.Abstractions": "2.1.1",
          "Microsoft.AspNetCore.Http": "2.1.1",
          "Microsoft.AspNetCore.Http.Extensions": "2.1.1",
          "Microsoft.Extensions.Configuration": "2.1.1",
          "Microsoft.Extensions.Configuration.EnvironmentVariables": "2.1.1",
          "Microsoft.Extensions.Configuration.FileExtensions": "2.1.1",
          "Microsoft.Extensions.DependencyInjection": "2.1.1",
          "Microsoft.Extensions.FileProviders.Physical": "2.1.1",
          "Microsoft.Extensions.Hosting.Abstractions": "2.1.1",
          "Microsoft.Extensions.Logging": "2.1.1",
          "Microsoft.Extensions.Options": "2.1.1",
          "System.Diagnostics.DiagnosticSource": "4.5.0",
          "System.Reflection.Metadata": "1.6.0"
        }
      },
      "Microsoft.AspNetCore.Hosting.Abstractions": {
        "type": "Transitive",
        "resolved": "2.1.1",
        "contentHash": "76cKcp2pWhvdV2TXTqMg/DyW7N6cDzTEhtL8vVWFShQN+Ylwv3eO/vUQr2BS3Hz4IZHEpL+FOo2T+MtymHDqDQ==",
        "dependencies": {
          "Microsoft.AspNetCore.Hosting.Server.Abstractions": "2.1.1",
          "Microsoft.AspNetCore.Http.Abstractions": "2.1.1",
          "Microsoft.Extensions.Hosting.Abstractions": "2.1.1"
        }
      },
      "Microsoft.AspNetCore.Hosting.Server.Abstractions": {
        "type": "Transitive",
        "resolved": "2.1.1",
        "contentHash": "+vD7HJYzAXNq17t+NgRkpS38cxuAyOBu8ixruOiA3nWsybozolUdALWiZ5QFtGRzajSLPFA2YsbO3NPcqoUwcw==",
        "dependencies": {
          "Microsoft.AspNetCore.Http.Features": "2.1.1",
          "Microsoft.Extensions.Configuration.Abstractions": "2.1.1"
        }
      },
      "Microsoft.AspNetCore.Http.Extensions": {
        "type": "Transitive",
        "resolved": "2.1.1",
        "contentHash": "ncAgV+cqsWSqjLXFUTyObGh4Tr7ShYYs3uW8Q/YpRwZn7eLV7dux5Z6GLY+rsdzmIHiia3Q2NWbLULQi7aziHw==",
        "dependencies": {
          "Microsoft.AspNetCore.Http.Abstractions": "2.1.1",
          "Microsoft.Extensions.FileProviders.Abstractions": "2.1.1",
          "Microsoft.Net.Http.Headers": "2.1.1",
          "System.Buffers": "4.5.0"
        }
      },
      "Microsoft.AspNetCore.Http.Features": {
        "type": "Transitive",
        "resolved": "2.2.0",
        "contentHash": "ziFz5zH8f33En4dX81LW84I6XrYXKf9jg6aM39cM+LffN9KJahViKZ61dGMSO2gd3e+qe5yBRwsesvyqlZaSMg==",
        "dependencies": {
          "Microsoft.Extensions.Primitives": "2.2.0"
        }
      },
      "Microsoft.AspNetCore.WebUtilities": {
        "type": "Transitive",
        "resolved": "2.2.0",
        "contentHash": "9ErxAAKaDzxXASB/b5uLEkLgUWv1QbeVxyJYEHQwMaxXOeFFVkQxiq8RyfVcifLU7NR0QY0p3acqx4ZpYfhHDg==",
        "dependencies": {
          "Microsoft.Net.Http.Headers": "2.2.0",
          "System.Text.Encodings.Web": "4.5.0"
        }
      },
      "Microsoft.Bcl.AsyncInterfaces": {
        "type": "Transitive",
        "resolved": "1.1.1",
        "contentHash": "yuvf07qFWFqtK3P/MRkEKLhn5r2UbSpVueRziSqj0yJQIKFwG1pq9mOayK3zE5qZCTs0CbrwL9M6R8VwqyGy2w=="
      },
      "Microsoft.Build.Tasks.Git": {
        "type": "Transitive",
        "resolved": "1.1.1",
        "contentHash": "AT3HlgTjsqHnWpBHSNeR0KxbLZD7bztlZVj7I8vgeYG9SYqbeFGh0TM/KVtC6fg53nrWHl3VfZFvb5BiQFcY6Q=="
      },
      "Microsoft.Extensions.Caching.Abstractions": {
        "type": "Transitive",
        "resolved": "1.0.0",
        "contentHash": "IxlFDVOchL6tdR05bk7EiJvMtvZrVkZXBhkbXqc3GxOHOrHFGcN+92WoWFPeBpdpy8ot/Px5ZdXzt7k+2n1Bdg==",
        "dependencies": {
          "Microsoft.Extensions.Primitives": "1.0.0",
          "System.Collections": "4.0.11",
          "System.Threading": "4.0.11",
          "System.Threading.Tasks": "4.0.11"
        }
      },
      "Microsoft.Extensions.Caching.Memory": {
        "type": "Transitive",
        "resolved": "1.0.0",
        "contentHash": "6+7zTufCnZ+tfrUo7RbIRR3LB0BxwOwxfXuo0IbLyIvgoToGpWuz5wYEDfCYNOvpig9tY8FA0I1uRHYmITMXMQ==",
        "dependencies": {
          "Microsoft.Extensions.Caching.Abstractions": "1.0.0",
          "Microsoft.Extensions.DependencyInjection.Abstractions": "1.0.0",
          "Microsoft.Extensions.Options": "1.0.0",
          "System.Linq": "4.1.0",
          "System.Threading": "4.0.11"
        }
      },
      "Microsoft.Extensions.Configuration": {
        "type": "Transitive",
        "resolved": "7.0.0",
        "contentHash": "tldQUBWt/xeH2K7/hMPPo5g8zuLc3Ro9I5d4o/XrxvxOCA2EZBtW7bCHHTc49fcBtvB8tLAb/Qsmfrq+2SJ4vA==",
        "dependencies": {
          "Microsoft.Extensions.Configuration.Abstractions": "7.0.0",
          "Microsoft.Extensions.Primitives": "7.0.0"
        }
      },
      "Microsoft.Extensions.Configuration.Abstractions": {
        "type": "Transitive",
        "resolved": "7.0.0",
        "contentHash": "f34u2eaqIjNO9YLHBz8rozVZ+TcFiFs0F3r7nUJd7FRkVSxk8u4OpoK226mi49MwexHOR2ibP9MFvRUaLilcQQ==",
        "dependencies": {
          "Microsoft.Extensions.Primitives": "7.0.0"
        }
      },
      "Microsoft.Extensions.Configuration.Binder": {
        "type": "Transitive",
        "resolved": "7.0.3",
        "contentHash": "1eRFwJBrkkncTpvh6mivB8zg4uBVm6+Y6stEJERrVEqZZc8Hvf+N1iIgj2ySYDUQko4J1Gw1rLf1M8bG83F0eA==",
        "dependencies": {
          "Microsoft.Extensions.Configuration.Abstractions": "7.0.0"
        }
      },
      "Microsoft.Extensions.Configuration.CommandLine": {
        "type": "Transitive",
        "resolved": "7.0.0",
        "contentHash": "a8Iq8SCw5m8W5pZJcPCgBpBO4E89+NaObPng+ApIhrGSv9X4JPrcFAaGM4sDgR0X83uhLgsNJq8VnGP/wqhr8A==",
        "dependencies": {
          "Microsoft.Extensions.Configuration": "7.0.0",
          "Microsoft.Extensions.Configuration.Abstractions": "7.0.0"
        }
      },
      "Microsoft.Extensions.Configuration.EnvironmentVariables": {
        "type": "Transitive",
        "resolved": "7.0.0",
        "contentHash": "RIkfqCkvrAogirjsqSrG1E1FxgrLsOZU2nhRbl07lrajnxzSU2isj2lwQah0CtCbLWo/pOIukQzM1GfneBUnxA==",
        "dependencies": {
          "Microsoft.Extensions.Configuration": "7.0.0",
          "Microsoft.Extensions.Configuration.Abstractions": "7.0.0"
        }
      },
      "Microsoft.Extensions.Configuration.FileExtensions": {
        "type": "Transitive",
        "resolved": "7.0.0",
        "contentHash": "xk2lRJ1RDuqe57BmgvRPyCt6zyePKUmvT6iuXqiHR+/OIIgWVR8Ff5k2p6DwmqY8a17hx/OnrekEhziEIeQP6Q==",
        "dependencies": {
          "Microsoft.Extensions.Configuration": "7.0.0",
          "Microsoft.Extensions.Configuration.Abstractions": "7.0.0",
          "Microsoft.Extensions.FileProviders.Abstractions": "7.0.0",
          "Microsoft.Extensions.FileProviders.Physical": "7.0.0",
          "Microsoft.Extensions.Primitives": "7.0.0"
        }
      },
      "Microsoft.Extensions.Configuration.Json": {
        "type": "Transitive",
        "resolved": "7.0.0",
        "contentHash": "LDNYe3uw76W35Jci+be4LDf2lkQZe0A7EEYQVChFbc509CpZ4Iupod8li4PUXPBhEUOFI/rlQNf5xkzJRQGvtA==",
        "dependencies": {
          "Microsoft.Extensions.Configuration": "7.0.0",
          "Microsoft.Extensions.Configuration.Abstractions": "7.0.0",
          "Microsoft.Extensions.Configuration.FileExtensions": "7.0.0",
          "Microsoft.Extensions.FileProviders.Abstractions": "7.0.0",
          "System.Text.Json": "7.0.0"
        }
      },
      "Microsoft.Extensions.Configuration.UserSecrets": {
        "type": "Transitive",
        "resolved": "7.0.0",
        "contentHash": "33HPW1PmB2RS0ietBQyvOxjp4O3wlt+4tIs8KPyMn1kqp04goiZGa7+3mc69NRLv6bphkLDy0YR7Uw3aZyf8Zw==",
        "dependencies": {
          "Microsoft.Extensions.Configuration.Abstractions": "7.0.0",
          "Microsoft.Extensions.Configuration.Json": "7.0.0",
          "Microsoft.Extensions.FileProviders.Abstractions": "7.0.0",
          "Microsoft.Extensions.FileProviders.Physical": "7.0.0"
        }
      },
      "Microsoft.Extensions.DependencyInjection": {
        "type": "Transitive",
        "resolved": "7.0.0",
        "contentHash": "elNeOmkeX3eDVG6pYVeV82p29hr+UKDaBhrZyWvWLw/EVZSYEkZlQdkp0V39k/Xehs2Qa0mvoCvkVj3eQxNQ1Q==",
        "dependencies": {
          "Microsoft.Extensions.DependencyInjection.Abstractions": "7.0.0"
        }
      },
      "Microsoft.Extensions.DependencyInjection.Abstractions": {
        "type": "Transitive",
        "resolved": "7.0.0",
        "contentHash": "h3j/QfmFN4S0w4C2A6X7arXij/M/OVw3uQHSOFxnND4DyAzO1F9eMX7Eti7lU/OkSthEE0WzRsfT/Dmx86jzCw=="
      },
      "Microsoft.Extensions.FileProviders.Abstractions": {
        "type": "Transitive",
        "resolved": "7.0.0",
        "contentHash": "NyawiW9ZT/liQb34k9YqBSNPLuuPkrjMgQZ24Y/xXX1RoiBkLUdPMaQTmxhZ5TYu8ZKZ9qayzil75JX95vGQUg==",
        "dependencies": {
          "Microsoft.Extensions.Primitives": "7.0.0"
        }
      },
      "Microsoft.Extensions.FileProviders.Physical": {
        "type": "Transitive",
        "resolved": "7.0.0",
        "contentHash": "K8D2MTR+EtzkbZ8z80LrG7Ur64R7ZZdRLt1J5cgpc/pUWl0C6IkAUapPuK28oionHueCPELUqq0oYEvZfalNdg==",
        "dependencies": {
          "Microsoft.Extensions.FileProviders.Abstractions": "7.0.0",
          "Microsoft.Extensions.FileSystemGlobbing": "7.0.0",
          "Microsoft.Extensions.Primitives": "7.0.0"
        }
      },
      "Microsoft.Extensions.FileSystemGlobbing": {
        "type": "Transitive",
        "resolved": "7.0.0",
        "contentHash": "2jONjKHiF+E92ynz2ZFcr9OvxIw+rTGMPEH+UZGeHTEComVav93jQUWGkso8yWwVBcEJGcNcZAaqY01FFJcj7w=="
      },
      "Microsoft.Extensions.Hosting.Abstractions": {
        "type": "Transitive",
        "resolved": "7.0.0",
        "contentHash": "43n9Je09z0p/7ViPxfRqs5BUItRLNVh5b6JH40F2Agkh2NBsY/jpNYTtbCcxrHCsA3oRmbR6RJBzUutB4VZvNQ==",
        "dependencies": {
          "Microsoft.Extensions.Configuration.Abstractions": "7.0.0",
          "Microsoft.Extensions.DependencyInjection.Abstractions": "7.0.0",
          "Microsoft.Extensions.FileProviders.Abstractions": "7.0.0"
        }
      },
      "Microsoft.Extensions.Http": {
        "type": "Transitive",
        "resolved": "7.0.0",
        "contentHash": "9Pq9f/CvOSz0t9yQa6g1uWpxa2sm13daLFm8EZwy9MaQUjKXWdNUXQwIxwhmba5N83UIqURiPHSNqGK1vfWF2w==",
        "dependencies": {
          "Microsoft.Extensions.DependencyInjection.Abstractions": "7.0.0",
          "Microsoft.Extensions.Logging": "7.0.0",
          "Microsoft.Extensions.Logging.Abstractions": "7.0.0",
          "Microsoft.Extensions.Options": "7.0.0"
        }
      },
      "Microsoft.Extensions.Logging": {
        "type": "Transitive",
        "resolved": "7.0.0",
        "contentHash": "Nw2muoNrOG5U5qa2ZekXwudUn2BJcD41e65zwmDHb1fQegTX66UokLWZkJRpqSSHXDOWZ5V0iqhbxOEky91atA==",
        "dependencies": {
          "Microsoft.Extensions.DependencyInjection": "7.0.0",
          "Microsoft.Extensions.DependencyInjection.Abstractions": "7.0.0",
          "Microsoft.Extensions.Logging.Abstractions": "7.0.0",
          "Microsoft.Extensions.Options": "7.0.0"
        }
      },
      "Microsoft.Extensions.Logging.Abstractions": {
        "type": "Transitive",
        "resolved": "7.0.1",
        "contentHash": "pkeBFx0vqMW/A3aUVHh7MPu3WkBhaVlezhSZeb1c9XD0vUReYH1TLFSy5MxJgZfmz5LZzYoErMorlYZiwpOoNA=="
      },
      "Microsoft.Extensions.Logging.Configuration": {
        "type": "Transitive",
        "resolved": "7.0.0",
        "contentHash": "FLDA0HcffKA8ycoDQLJuCNGIE42cLWPxgdQGRBaSzZrYTkMBjnf9zrr8pGT06psLq9Q+RKWmmZczQ9bCrXEBcA==",
        "dependencies": {
          "Microsoft.Extensions.Configuration": "7.0.0",
          "Microsoft.Extensions.Configuration.Abstractions": "7.0.0",
          "Microsoft.Extensions.Configuration.Binder": "7.0.0",
          "Microsoft.Extensions.DependencyInjection.Abstractions": "7.0.0",
          "Microsoft.Extensions.Logging": "7.0.0",
          "Microsoft.Extensions.Logging.Abstractions": "7.0.0",
          "Microsoft.Extensions.Options": "7.0.0",
          "Microsoft.Extensions.Options.ConfigurationExtensions": "7.0.0"
        }
      },
      "Microsoft.Extensions.Logging.Console": {
        "type": "Transitive",
        "resolved": "7.0.0",
        "contentHash": "qt5n8bHLZPUfuRnFxJKW5q9ZwOTncdh96rtWzWpX3Y/064MlxzCSw2ELF5Jlwdo+Y4wK3I47NmUTFsV7Sg8rqg==",
        "dependencies": {
          "Microsoft.Extensions.DependencyInjection.Abstractions": "7.0.0",
          "Microsoft.Extensions.Logging": "7.0.0",
          "Microsoft.Extensions.Logging.Abstractions": "7.0.0",
          "Microsoft.Extensions.Logging.Configuration": "7.0.0",
          "Microsoft.Extensions.Options": "7.0.0",
          "System.Runtime.CompilerServices.Unsafe": "6.0.0",
          "System.Text.Json": "7.0.0"
        }
      },
      "Microsoft.Extensions.Logging.Debug": {
        "type": "Transitive",
        "resolved": "7.0.0",
        "contentHash": "tFGGyPDpJ8ZdQdeckCArP7nZuoY3am9zJWuvp4OD1bHq65S0epW9BNHzAWeaIO4eYwWnGm1jRNt3vRciH8H6MA==",
        "dependencies": {
          "Microsoft.Extensions.DependencyInjection.Abstractions": "7.0.0",
          "Microsoft.Extensions.Logging": "7.0.0",
          "Microsoft.Extensions.Logging.Abstractions": "7.0.0"
        }
      },
      "Microsoft.Extensions.Logging.EventLog": {
        "type": "Transitive",
        "resolved": "7.0.0",
        "contentHash": "Rp7cYL9xQRVTgjMl77H5YDxszAaO+mlA+KT0BnLSVhuCoKQQOOs1sSK2/x8BK2dZ/lKeAC/CVF+20Ef2dpKXwg==",
        "dependencies": {
          "Microsoft.Extensions.DependencyInjection.Abstractions": "7.0.0",
          "Microsoft.Extensions.Logging": "7.0.0",
          "Microsoft.Extensions.Logging.Abstractions": "7.0.0",
          "Microsoft.Extensions.Options": "7.0.0",
          "System.Diagnostics.EventLog": "7.0.0"
        }
      },
      "Microsoft.Extensions.Logging.EventSource": {
        "type": "Transitive",
        "resolved": "7.0.0",
        "contentHash": "MxQXndQFviIyOPqyMeLNshXnmqcfzEHE2wWcr7BF1unSisJgouZ3tItnq+aJLGPojrW8OZSC/ZdRoR6wAq+c7w==",
        "dependencies": {
          "Microsoft.Extensions.DependencyInjection.Abstractions": "7.0.0",
          "Microsoft.Extensions.Logging": "7.0.0",
          "Microsoft.Extensions.Logging.Abstractions": "7.0.0",
          "Microsoft.Extensions.Options": "7.0.0",
          "Microsoft.Extensions.Primitives": "7.0.0",
          "System.Runtime.CompilerServices.Unsafe": "6.0.0",
          "System.Text.Json": "7.0.0"
        }
      },
      "Microsoft.Extensions.ObjectPool": {
        "type": "Transitive",
        "resolved": "2.2.0",
        "contentHash": "gA8H7uQOnM5gb+L0uTNjViHYr+hRDqCdfugheGo/MxQnuHzmhhzCBTIPm19qL1z1Xe0NEMabfcOBGv9QghlZ8g=="
      },
      "Microsoft.Extensions.Options": {
        "type": "Transitive",
        "resolved": "7.0.1",
        "contentHash": "pZRDYdN1FpepOIfHU62QoBQ6zdAoTvnjxFfqAzEd9Jhb2dfhA5i6jeTdgGgcgTWFRC7oT0+3XrbQu4LjvgX1Nw==",
        "dependencies": {
          "Microsoft.Extensions.DependencyInjection.Abstractions": "7.0.0",
          "Microsoft.Extensions.Primitives": "7.0.0"
        }
      },
      "Microsoft.Extensions.Options.ConfigurationExtensions": {
        "type": "Transitive",
        "resolved": "7.0.0",
        "contentHash": "95UnxZkkFdXxF6vSrtJsMHCzkDeSMuUWGs2hDT54cX+U5eVajrCJ3qLyQRW+CtpTt5OJ8bmTvpQVHu1DLhH+cA==",
        "dependencies": {
          "Microsoft.Extensions.Configuration.Abstractions": "7.0.0",
          "Microsoft.Extensions.Configuration.Binder": "7.0.0",
          "Microsoft.Extensions.DependencyInjection.Abstractions": "7.0.0",
          "Microsoft.Extensions.Options": "7.0.0",
          "Microsoft.Extensions.Primitives": "7.0.0"
        }
      },
      "Microsoft.Extensions.Primitives": {
        "type": "Transitive",
        "resolved": "7.0.0",
        "contentHash": "um1KU5kxcRp3CNuI8o/GrZtD4AIOXDk+RLsytjZ9QPok3ttLUelLKpilVPuaFT3TFjOhSibUAso0odbOaCDj3Q==",
        "dependencies": {
          "System.Runtime.CompilerServices.Unsafe": "6.0.0"
        }
      },
      "Microsoft.Net.Http.Headers": {
        "type": "Transitive",
        "resolved": "2.2.0",
        "contentHash": "iZNkjYqlo8sIOI0bQfpsSoMTmB/kyvmV2h225ihyZT33aTp48ZpF6qYnXxzSXmHt8DpBAwBTX+1s1UFLbYfZKg==",
        "dependencies": {
          "Microsoft.Extensions.Primitives": "2.2.0",
          "System.Buffers": "4.5.0"
        }
      },
      "Microsoft.NETCore.DotNetAppHost": {
        "type": "Transitive",
        "resolved": "2.2.8",
        "contentHash": "Lh1F6z41levvtfC3KuuiQe9ppWKRP1oIB42vP1QNQE4uumo95h+LpjPDeysX1DlTjCzG0BVGSUEpCW5fHkni7w=="
      },
      "Microsoft.NETCore.DotNetHostPolicy": {
        "type": "Transitive",
        "resolved": "2.2.8",
        "contentHash": "rOHr0Dk87vaiq9d1hMpXETB4IKq1jIiPQlVKNUjRGilK/cjOcadhsk+1MsrJ/GnM3eovhy8zW2PGkN8pYEolnw==",
        "dependencies": {
          "Microsoft.NETCore.DotNetHostResolver": "2.2.8"
        }
      },
      "Microsoft.NETCore.DotNetHostResolver": {
        "type": "Transitive",
        "resolved": "2.2.8",
        "contentHash": "culLr+x2GvUkXVGi4ULZ7jmWJEhuAMyS7iTWBlkWnqbKtYJ36ZlgHbw/6qTm82790gJemEFeo9RehDwfRXfJzA==",
        "dependencies": {
          "Microsoft.NETCore.DotNetAppHost": "2.2.8"
        }
      },
      "Microsoft.NETCore.Platforms": {
        "type": "Transitive",
        "resolved": "3.1.0",
        "contentHash": "z7aeg8oHln2CuNulfhiLYxCVMPEwBl3rzicjvIX+4sUuCwvXw5oXQEtbiU2c0z4qYL5L3Kmx0mMA/+t/SbY67w=="
      },
      "Microsoft.NETCore.Targets": {
        "type": "Transitive",
        "resolved": "2.0.0",
        "contentHash": "odP/tJj1z6GylFpNo7pMtbd/xQgTC3Ex2If63dRTL38bBNMwsBnJ+RceUIyHdRBC0oik/3NehYT+oECwBhIM3Q=="
      },
      "Microsoft.SourceLink.Common": {
        "type": "Transitive",
        "resolved": "1.1.1",
        "contentHash": "WMcGpWKrmJmzrNeuaEb23bEMnbtR/vLmvZtkAP5qWu7vQsY59GqfRJd65sFpBszbd2k/bQ8cs8eWawQKAabkVg=="
      },
      "Microsoft.Win32.Registry": {
        "type": "Transitive",
        "resolved": "4.7.0",
        "contentHash": "KSrRMb5vNi0CWSGG1++id2ZOs/1QhRqROt+qgbEAdQuGjGrFcl4AOl4/exGPUYz2wUnU42nvJqon1T3U0kPXLA==",
        "dependencies": {
          "System.Security.AccessControl": "4.7.0",
          "System.Security.Principal.Windows": "4.7.0"
        }
      },
      "Microsoft.Win32.SystemEvents": {
        "type": "Transitive",
        "resolved": "4.7.0",
        "contentHash": "mtVirZr++rq+XCDITMUdnETD59XoeMxSpLRIII7JRI6Yj0LEDiO1pPn0ktlnIj12Ix8bfvQqQDMMIF9wC98oCA==",
        "dependencies": {
          "Microsoft.NETCore.Platforms": "3.1.0"
        }
      },
      "NETStandard.Library": {
        "type": "Transitive",
        "resolved": "2.0.3",
        "contentHash": "st47PosZSHrjECdjeIzZQbzivYBJFv6P2nv4cj2ypdI204DO+vZ7l5raGMiX4eXMJ53RfOIg+/s4DHVZ54Nu2A==",
        "dependencies": {
          "Microsoft.NETCore.Platforms": "1.1.0"
        }
      },
      "OpenTelemetry.Api": {
        "type": "Transitive",
        "resolved": "1.6.0",
        "contentHash": "LTF4PB6UicJlgrBBg0rblAMyJJLMAVBujg8T9pGPQsl1vVgPNZoJNTLadhC3ZdYUzuKsvYLS31vT0/wl97JtEw==",
        "dependencies": {
          "System.Diagnostics.DiagnosticSource": "7.0.2"
        }
      },
      "OpenTelemetry.Api.ProviderBuilderExtensions": {
        "type": "Transitive",
        "resolved": "1.6.0",
        "contentHash": "k8lqUAxjXkCV6yKdXfCbxsHMh5x7F7q8lAKm61rP/iP3EJPG1XhOy3j9nyubBYCm/xqlIy4ugWcqY1Inxolozw==",
        "dependencies": {
          "Microsoft.Extensions.DependencyInjection.Abstractions": "3.1.0",
          "OpenTelemetry.Api": "1.6.0"
        }
      },
      "OpenTelemetry.PersistentStorage.Abstractions": {
        "type": "Transitive",
        "resolved": "1.0.0",
        "contentHash": "7ZtgGFPCovixOwJ+azTsMTkadM5u1SPYRKOXqYz0jWNbrzVGJmvktLr7eS4ncwcve86BW9nAZW++vjdfIXyt7g=="
      },
      "OpenTelemetry.PersistentStorage.FileSystem": {
        "type": "Transitive",
        "resolved": "1.0.0",
        "contentHash": "MBz/D9Lo2tKfVMmk5tPVQ1RwiWL+if4b6wv7KJOeBmio5lv0twRLAQxkBHfnLpcf66oWAQS6AaFykmn1Atww1Q==",
        "dependencies": {
          "OpenTelemetry.PersistentStorage.Abstractions": "1.0.0"
        }
      },
      "Polly": {
        "type": "Transitive",
        "resolved": "7.2.2",
        "contentHash": "E6CeKyS513j7taKAq4q2MESDBvzuzWnR1rQ2Y2zqJvpiVtKMm699Aubb20MUPBDmb0Ov8PmcLHTCVFdCjoy2kA=="
      },
      "Polly.Extensions.Http": {
        "type": "Transitive",
        "resolved": "3.0.0",
        "contentHash": "drrG+hB3pYFY7w1c3BD+lSGYvH2oIclH8GRSehgfyP5kjnFnHKQuuBhuHLv+PWyFuaTDyk/vfRpnxOzd11+J8g==",
        "dependencies": {
          "Polly": "7.1.0"
        }
      },
      "System.Buffers": {
        "type": "Transitive",
        "resolved": "4.5.0",
        "contentHash": "pL2ChpaRRWI/p4LXyy4RgeWlYF2sgfj/pnVMvBqwNFr5cXg7CXNnWZWxrOONLg8VGdFB8oB+EG2Qw4MLgTOe+A=="
      },
      "System.Collections": {
        "type": "Transitive",
        "resolved": "4.0.11",
        "contentHash": "YUJGz6eFKqS0V//mLt25vFGrrCvOnsXjlvFQs+KimpwNxug9x0Pzy4PlFMU3Q2IzqAa9G2L4LsK3+9vCBK7oTg==",
        "dependencies": {
          "Microsoft.NETCore.Platforms": "1.0.1",
          "Microsoft.NETCore.Targets": "1.0.1",
          "System.Runtime": "4.1.0"
        }
      },
      "System.Configuration.ConfigurationManager": {
        "type": "Transitive",
        "resolved": "4.7.0",
        "contentHash": "/anOTeSZCNNI2zDilogWrZ8pNqCmYbzGNexUnNhjW8k0sHqEZ2nHJBp147jBV3hGYswu5lINpNg1vxR7bnqvVA==",
        "dependencies": {
          "System.Security.Cryptography.ProtectedData": "4.7.0",
          "System.Security.Permissions": "4.7.0"
        }
      },
      "System.Diagnostics.Debug": {
        "type": "Transitive",
        "resolved": "4.0.11",
        "contentHash": "w5U95fVKHY4G8ASs/K5iK3J5LY+/dLFd4vKejsnI/ZhBsWS9hQakfx3Zr7lRWKg4tAw9r4iktyvsTagWkqYCiw==",
        "dependencies": {
          "Microsoft.NETCore.Platforms": "1.0.1",
          "Microsoft.NETCore.Targets": "1.0.1",
          "System.Runtime": "4.1.0"
        }
      },
      "System.Diagnostics.DiagnosticSource": {
        "type": "Transitive",
        "resolved": "7.0.2",
        "contentHash": "hYr3I9N9811e0Bjf2WNwAGGyTuAFbbTgX1RPLt/3Wbm68x3IGcX5Cl75CMmgT6WlNwLQ2tCCWfqYPpypjaf2xA==",
        "dependencies": {
          "System.Runtime.CompilerServices.Unsafe": "6.0.0"
        }
      },
      "System.Diagnostics.EventLog": {
        "type": "Transitive",
        "resolved": "7.0.0",
        "contentHash": "eUDP47obqQm3SFJfP6z+Fx2nJ4KKTQbXB4Q9Uesnzw9SbYdhjyoGXuvDn/gEmFY6N5Z3bFFbpAQGA7m6hrYJCw=="
      },
      "System.Diagnostics.PerformanceCounter": {
        "type": "Transitive",
        "resolved": "4.7.0",
        "contentHash": "kE9szT4i3TYT9bDE/BPfzg9/BL6enMiZlcUmnUEBrhRtxWvurKoa8qhXkLTRhrxMzBqaDleWlRfIPE02tulU+w==",
        "dependencies": {
          "Microsoft.NETCore.Platforms": "3.1.0",
          "Microsoft.Win32.Registry": "4.7.0",
          "System.Configuration.ConfigurationManager": "4.7.0",
          "System.Security.Principal.Windows": "4.7.0"
        }
      },
      "System.Drawing.Common": {
        "type": "Transitive",
        "resolved": "4.7.0",
        "contentHash": "v+XbyYHaZjDfn0ENmJEV1VYLgGgCTx1gnfOBcppowbpOAriglYgGCvFCPr2EEZyBvXlpxbEsTwkOlInl107ahA==",
        "dependencies": {
          "Microsoft.NETCore.Platforms": "3.1.0",
          "Microsoft.Win32.SystemEvents": "4.7.0"
        }
      },
      "System.Globalization": {
        "type": "Transitive",
        "resolved": "4.0.11",
        "contentHash": "B95h0YLEL2oSnwF/XjqSWKnwKOy/01VWkNlsCeMTFJLLabflpGV26nK164eRs5GiaRSBGpOxQ3pKoSnnyZN5pg==",
        "dependencies": {
          "Microsoft.NETCore.Platforms": "1.0.1",
          "Microsoft.NETCore.Targets": "1.0.1",
          "System.Runtime": "4.1.0"
        }
      },
      "System.IO": {
        "type": "Transitive",
        "resolved": "4.1.0",
        "contentHash": "3KlTJceQc3gnGIaHZ7UBZO26SHL1SHE4ddrmiwumFnId+CEHP+O8r386tZKaE6zlk5/mF8vifMBzHj9SaXN+mQ==",
        "dependencies": {
          "Microsoft.NETCore.Platforms": "1.0.1",
          "Microsoft.NETCore.Targets": "1.0.1",
          "System.Runtime": "4.1.0",
          "System.Text.Encoding": "4.0.11",
          "System.Threading.Tasks": "4.0.11"
        }
      },
      "System.IO.FileSystem.AccessControl": {
        "type": "Transitive",
        "resolved": "4.7.0",
        "contentHash": "vMToiarpU81LR1/KZtnT7VDPvqAZfw9oOS5nY6pPP78nGYz3COLsQH3OfzbR+SjTgltd31R6KmKklz/zDpTmzw==",
        "dependencies": {
          "System.Security.AccessControl": "4.7.0",
          "System.Security.Principal.Windows": "4.7.0"
        }
      },
      "System.Linq": {
        "type": "Transitive",
        "resolved": "4.1.0",
        "contentHash": "bQ0iYFOQI0nuTnt+NQADns6ucV4DUvMdwN6CbkB1yj8i7arTGiTN5eok1kQwdnnNWSDZfIUySQY+J3d5KjWn0g==",
        "dependencies": {
          "System.Collections": "4.0.11",
          "System.Diagnostics.Debug": "4.0.11",
          "System.Resources.ResourceManager": "4.0.1",
          "System.Runtime": "4.1.0",
          "System.Runtime.Extensions": "4.1.0"
        }
      },
      "System.Memory": {
        "type": "Transitive",
        "resolved": "4.5.3",
        "contentHash": "3oDzvc/zzetpTKWMShs1AADwZjQ/36HnsufHRPcOjyRAAMLDlu2iD33MBI2opxnezcVUtXyqDXXjoFMOU9c7SA=="
      },
      "System.Memory.Data": {
        "type": "Transitive",
        "resolved": "1.0.2",
        "contentHash": "JGkzeqgBsiZwKJZ1IxPNsDFZDhUvuEdX8L8BDC8N3KOj+6zMcNU28CNN59TpZE/VJYy9cP+5M+sbxtWJx3/xtw==",
        "dependencies": {
          "System.Text.Encodings.Web": "4.7.2",
          "System.Text.Json": "4.6.0"
        }
      },
      "System.Net.Http.Json": {
        "type": "Transitive",
        "resolved": "7.0.1",
        "contentHash": "ni8+BJnndbJI9AXme/qCYXg1s4RpdRJx3gKp5WzcWuLt4l3syuscgk5Becis6x4E7HbQk4z6A7FNXFQD75F+wQ==",
        "dependencies": {
          "System.Text.Json": "7.0.2"
        }
      },
      "System.Numerics.Vectors": {
        "type": "Transitive",
        "resolved": "4.5.0",
        "contentHash": "QQTlPTl06J/iiDbJCiepZ4H//BVraReU4O4EoRw1U02H5TLUIT7xn3GnDp9AXPSlJUDyFs4uWjWafNX6WrAojQ=="
      },
      "System.Reflection": {
        "type": "Transitive",
        "resolved": "4.1.0",
        "contentHash": "JCKANJ0TI7kzoQzuwB/OoJANy1Lg338B6+JVacPl4TpUwi3cReg3nMLplMq2uqYfHFQpKIlHAUVAJlImZz/4ng==",
        "dependencies": {
          "Microsoft.NETCore.Platforms": "1.0.1",
          "Microsoft.NETCore.Targets": "1.0.1",
          "System.IO": "4.1.0",
          "System.Reflection.Primitives": "4.0.1",
          "System.Runtime": "4.1.0"
        }
      },
      "System.Reflection.Metadata": {
        "type": "Transitive",
        "resolved": "1.6.0",
        "contentHash": "COC1aiAJjCoA5GBF+QKL2uLqEBew4JsCkQmoHKbN3TlOZKa2fKLz5CpiRQKDz0RsAOEGsVKqOD5bomsXq/4STQ=="
      },
      "System.Reflection.Primitives": {
        "type": "Transitive",
        "resolved": "4.0.1",
        "contentHash": "4inTox4wTBaDhB7V3mPvp9XlCbeGYWVEM9/fXALd52vNEAVisc1BoVWQPuUuD0Ga//dNbA/WeMy9u9mzLxGTHQ==",
        "dependencies": {
          "Microsoft.NETCore.Platforms": "1.0.1",
          "Microsoft.NETCore.Targets": "1.0.1",
          "System.Runtime": "4.1.0"
        }
      },
      "System.Resources.ResourceManager": {
        "type": "Transitive",
        "resolved": "4.0.1",
        "contentHash": "TxwVeUNoTgUOdQ09gfTjvW411MF+w9MBYL7AtNVc+HtBCFlutPLhUCdZjNkjbhj3bNQWMdHboF0KIWEOjJssbA==",
        "dependencies": {
          "Microsoft.NETCore.Platforms": "1.0.1",
          "Microsoft.NETCore.Targets": "1.0.1",
          "System.Globalization": "4.0.11",
          "System.Reflection": "4.1.0",
          "System.Runtime": "4.1.0"
        }
      },
      "System.Runtime": {
        "type": "Transitive",
        "resolved": "4.1.0",
        "contentHash": "v6c/4Yaa9uWsq+JMhnOFewrYkgdNHNG2eMKuNqRn8P733rNXeRCGvV5FkkjBXn2dbVkPXOsO0xjsEeM1q2zC0g==",
        "dependencies": {
          "Microsoft.NETCore.Platforms": "1.0.1",
          "Microsoft.NETCore.Targets": "1.0.1"
        }
      },
      "System.Runtime.CompilerServices.Unsafe": {
        "type": "Transitive",
        "resolved": "6.0.0",
        "contentHash": "/iUeP3tq1S0XdNNoMz5C9twLSrM/TH+qElHkXWaPvuNOt+99G75NrV0OS2EqHx5wMN7popYjpc8oTjC1y16DLg=="
      },
      "System.Runtime.Extensions": {
        "type": "Transitive",
        "resolved": "4.1.0",
        "contentHash": "CUOHjTT/vgP0qGW22U4/hDlOqXmcPq5YicBaXdUR2UiUoLwBT+olO6we4DVbq57jeX5uXH2uerVZhf0qGj+sVQ==",
        "dependencies": {
          "Microsoft.NETCore.Platforms": "1.0.1",
          "Microsoft.NETCore.Targets": "1.0.1",
          "System.Runtime": "4.1.0"
        }
      },
      "System.Security.AccessControl": {
        "type": "Transitive",
        "resolved": "4.7.0",
        "contentHash": "JECvTt5aFF3WT3gHpfofL2MNNP6v84sxtXxpqhLBCcDRzqsPBmHhQ6shv4DwwN2tRlzsUxtb3G9M3763rbXKDg==",
        "dependencies": {
          "Microsoft.NETCore.Platforms": "3.1.0",
          "System.Security.Principal.Windows": "4.7.0"
        }
      },
      "System.Security.Cryptography.ProtectedData": {
        "type": "Transitive",
        "resolved": "4.7.0",
        "contentHash": "ehYW0m9ptxpGWvE4zgqongBVWpSDU/JCFD4K7krxkQwSz/sFQjEXCUqpvencjy6DYDbn7Ig09R8GFffu8TtneQ=="
      },
      "System.Security.Permissions": {
        "type": "Transitive",
        "resolved": "4.7.0",
        "contentHash": "dkOV6YYVBnYRa15/yv004eCGRBVADXw8qRbbNiCn/XpdJSUXkkUeIvdvFHkvnko4CdKMqG8yRHC4ox83LSlMsQ==",
        "dependencies": {
          "System.Security.AccessControl": "4.7.0",
          "System.Windows.Extensions": "4.7.0"
        }
      },
      "System.Security.Principal.Windows": {
        "type": "Transitive",
        "resolved": "4.7.0",
        "contentHash": "ojD0PX0XhneCsUbAZVKdb7h/70vyYMDYs85lwEI+LngEONe/17A0cFaRFqZU+sOEidcVswYWikYOQ9PPfjlbtQ=="
      },
      "System.Text.Encoding": {
        "type": "Transitive",
        "resolved": "4.0.11",
        "contentHash": "U3gGeMlDZXxCEiY4DwVLSacg+DFWCvoiX+JThA/rvw37Sqrku7sEFeVBBBMBnfB6FeZHsyDx85HlKL19x0HtZA==",
        "dependencies": {
          "Microsoft.NETCore.Platforms": "1.0.1",
          "Microsoft.NETCore.Targets": "1.0.1",
          "System.Runtime": "4.1.0"
        }
      },
      "System.Text.Encodings.Web": {
        "type": "Transitive",
        "resolved": "7.0.0",
        "contentHash": "OP6umVGxc0Z0MvZQBVigj4/U31Pw72ITihDWP9WiWDm+q5aoe0GaJivsfYGq53o6dxH7DcXWiCTl7+0o2CGdmg==",
        "dependencies": {
          "System.Runtime.CompilerServices.Unsafe": "6.0.0"
        }
      },
      "System.Text.Json": {
        "type": "Transitive",
        "resolved": "7.0.3",
        "contentHash": "AyjhwXN1zTFeIibHimfJn6eAsZ7rTBib79JQpzg8WAuR/HKDu9JGNHTuu3nbbXQ/bgI+U4z6HtZmCHNXB1QXrQ==",
        "dependencies": {
          "System.Runtime.CompilerServices.Unsafe": "6.0.0",
          "System.Text.Encodings.Web": "7.0.0"
        }
      },
      "System.Threading": {
        "type": "Transitive",
        "resolved": "4.0.11",
        "contentHash": "N+3xqIcg3VDKyjwwCGaZ9HawG9aC6cSDI+s7ROma310GQo8vilFZa86hqKppwTHleR/G0sfOzhvgnUxWCR/DrQ==",
        "dependencies": {
          "System.Runtime": "4.1.0",
          "System.Threading.Tasks": "4.0.11"
        }
      },
      "System.Threading.Tasks": {
        "type": "Transitive",
        "resolved": "4.0.11",
        "contentHash": "k1S4Gc6IGwtHGT8188RSeGaX86Qw/wnrgNLshJvsdNUOPP9etMmo8S07c+UlOAx4K/xLuN9ivA1bD0LVurtIxQ==",
        "dependencies": {
          "Microsoft.NETCore.Platforms": "1.0.1",
          "Microsoft.NETCore.Targets": "1.0.1",
          "System.Runtime": "4.1.0"
        }
      },
      "System.Threading.Tasks.Dataflow": {
        "type": "Transitive",
        "resolved": "6.0.0",
        "contentHash": "+tyDCU3/B1lDdOOAJywHQoFwyXIUghIaP2BxG79uvhfTnO+D9qIgjVlL/JV2NTliYbMHpd6eKDmHp2VHpij7MA=="
      },
      "System.Threading.Tasks.Extensions": {
        "type": "Transitive",
        "resolved": "4.5.4",
        "contentHash": "zteT+G8xuGu6mS+mzDzYXbzS7rd3K6Fjb9RiZlYlJPam2/hU7JCBZBVEcywNuR+oZ1ncTvc/cq0faRr3P01OVg=="
      },
      "System.ValueTuple": {
        "type": "Transitive",
        "resolved": "4.5.0",
        "contentHash": "okurQJO6NRE/apDIP23ajJ0hpiNmJ+f0BwOlB/cSqTLQlw5upkf+5+96+iG2Jw40G1fCVCyPz/FhIABUjMR+RQ=="
      },
      "System.Windows.Extensions": {
        "type": "Transitive",
        "resolved": "4.7.0",
        "contentHash": "CeWTdRNfRaSh0pm2gDTJFwVaXfTq6Xwv/sA887iwPTneW7oMtMlpvDIO+U60+3GWTB7Aom6oQwv5VZVUhQRdPQ==",
        "dependencies": {
          "System.Drawing.Common": "4.7.0"
        }
      },
      "common.diagnostics": {
        "type": "Project",
        "dependencies": {
          "Microsoft.AspNetCore.Http.Abstractions": "[2.2.0, )",
          "Microsoft.Extensions.Configuration": "[6.0.1, )",
          "Microsoft.Extensions.Configuration.Abstractions": "[6.0.0, )",
          "Microsoft.Extensions.Configuration.Binder": "[6.0.0, )",
          "Microsoft.Extensions.Configuration.EnvironmentVariables": "[6.0.0, )",
          "Microsoft.Extensions.Configuration.Json": "[6.0.0, )",
          "Microsoft.Extensions.Configuration.UserSecrets": "[6.0.1, )",
          "Microsoft.Extensions.Hosting.Abstractions": "[6.0.0, )",
          "Microsoft.Extensions.Logging": "[6.0.0, )",
          "Microsoft.Extensions.Logging.Abstractions": "[6.0.1, )",
          "Microsoft.Extensions.Logging.Console": "[6.0.0, )",
          "OpenTelemetry": "[1.*, )",
          "OpenTelemetry.Extensions.Hosting": "[1.*, )",
          "System.Net.Http.Json": "[6.0.1, )",
          "System.Text.Json": "[6.0.8, )",
          "System.Threading.Tasks.Dataflow": "[6.0.0, )"
        }
      },
      "common.diagnostics.logstrings.wpf": {
        "type": "Project",
        "dependencies": {
          "Common.Diagnostics": "[1.0.0, )"
        }
      }
    }
  }
}