{
  "version": 1,
  "dependencies": {
    "net6.0": {
      "coverlet.collector": {
        "type": "Direct",
        "requested": "[6.0.0, )",
        "resolved": "6.0.0",
        "contentHash": "tW3lsNS+dAEII6YGUX/VMoJjBS1QvsxqJeqLaJXub08y1FSjasFPtQ4UBUsudE9PNrzLjooClMsPtY2cZLdXpQ=="
      },
      "Microsoft.NET.Test.Sdk": {
        "type": "Direct",
        "requested": "[17.7.2, )",
        "resolved": "17.7.2",
        "contentHash": "WOSF/GUYcnrLGkdvCbXDRig2rShtBwfQc5l7IxQE6PZI3CeXAqF1SpyzwlGA5vw+MdEAXs3niy+ZkGBBWna6tw==",
        "dependencies": {
          "Microsoft.CodeCoverage": "17.7.2",
          "Microsoft.TestPlatform.TestHost": "17.7.2"
        }
      },
      "Microsoft.SourceLink.GitHub": {
        "type": "Direct",
        "requested": "[1.*, )",
        "resolved": "1.1.1",
        "contentHash": "IaJGnOv/M7UQjRJks7B6p7pbPnOwisYGOIzqCz5ilGFTApZ3ktOR+6zJ12ZRPInulBmdAf1SrGdDG2MU8g6XTw==",
        "dependencies": {
          "Microsoft.Build.Tasks.Git": "1.1.1",
          "Microsoft.SourceLink.Common": "1.1.1"
        }
      },
      "MSTest.TestAdapter": {
        "type": "Direct",
        "requested": "[3.1.1, )",
        "resolved": "3.1.1",
        "contentHash": "kMvdO5dhrUR3o1qk0fzS0St0prlKyMQAfz1ChVAUdGGobTU5ehR60szOFto0+Q7rFG5iXMvTlVIthXM9EcNYnw=="
      },
      "MSTest.TestFramework": {
        "type": "Direct",
        "requested": "[3.1.1, )",
        "resolved": "3.1.1",
        "contentHash": "3rjkGxciNHHmPW8cl1/QVIYjOpfptjmAH5JrLBw+dnMTYDoweg3I579N7OIbar3Zd3q9dfWFrCy2LEV/AmPn3A=="
      },
      "Microsoft.Build.Tasks.Git": {
        "type": "Transitive",
        "resolved": "1.1.1",
        "contentHash": "AT3HlgTjsqHnWpBHSNeR0KxbLZD7bztlZVj7I8vgeYG9SYqbeFGh0TM/KVtC6fg53nrWHl3VfZFvb5BiQFcY6Q=="
      },
      "Microsoft.CodeCoverage": {
        "type": "Transitive",
        "resolved": "17.7.2",
        "contentHash": "ntbkwIqwszkfCRjxVZOyEQiHauiYsY9NtYjw9ASsoxDSiG8YtV6AGcOAwrAk3TZv2UOq4MrpX+3MYEeMHSb03w=="
      },
      "Microsoft.SourceLink.Common": {
        "type": "Transitive",
        "resolved": "1.1.1",
        "contentHash": "WMcGpWKrmJmzrNeuaEb23bEMnbtR/vLmvZtkAP5qWu7vQsY59GqfRJd65sFpBszbd2k/bQ8cs8eWawQKAabkVg=="
      },
      "Microsoft.TestPlatform.ObjectModel": {
        "type": "Transitive",
        "resolved": "17.7.2",
        "contentHash": "aHzQWgDMVBnk39HhQVmn06w+YxzF1h2V5/M4WgrNQAn7q97GR4Si3vLRTDlmJo9nK/Nknce+H4tXx4gqOKyLeg==",
        "dependencies": {
          "NuGet.Frameworks": "6.5.0",
          "System.Reflection.Metadata": "1.6.0"
        }
      },
      "Microsoft.TestPlatform.TestHost": {
        "type": "Transitive",
        "resolved": "17.7.2",
        "contentHash": "pv9yVD7IKPLJV28zYjLsWFiM3j506I2ye+6NquG8vsbm/gR7lgyig8IgY6Vo57VMvGaAKwtUECzcj+C5tH271Q==",
        "dependencies": {
          "Microsoft.TestPlatform.ObjectModel": "17.7.2",
          "Newtonsoft.Json": "13.0.1"
        }
      },
      "Newtonsoft.Json": {
        "type": "Transitive",
        "resolved": "13.0.1",
        "contentHash": "ppPFpBcvxdsfUonNcvITKqLl3bqxWbDCZIzDWHzjpdAHRFfZe0Dw9HmA0+za13IdyrgJwpkDTDA9fHaxOrt20A=="
      },
      "NuGet.Frameworks": {
        "type": "Transitive",
        "resolved": "6.5.0",
        "contentHash": "QWINE2x3MbTODsWT1Gh71GaGb5icBz4chS8VYvTgsBnsi8esgN6wtHhydd7fvToWECYGq7T4cgBBDiKD/363fg=="
      },
      "System.Reflection.Metadata": {
        "type": "Transitive",
        "resolved": "1.6.0",
        "contentHash": "COC1aiAJjCoA5GBF+QKL2uLqEBew4JsCkQmoHKbN3TlOZKa2fKLz5CpiRQKDz0RsAOEGsVKqOD5bomsXq/4STQ=="
      }
    }
  }
}